// !$*UTF8*$!
{
	archiveVersion = 1;
	classes = {
	};
	objectVersion = 50;
	objects = {

/* Begin PBXBuildFile section */
		AB3BB97C219CF660001E1A5C /* Model.swift in Sources */ = {isa = PBXBuildFile; fileRef = AB3BB97B219CF660001E1A5C /* Model.swift */; };
		ABBBD54E219CB87600E3DA73 /* AppDelegate.swift in Sources */ = {isa = PBXBuildFile; fileRef = ABBBD54D219CB87600E3DA73 /* AppDelegate.swift */; };
		ABBBD553219CB87600E3DA73 /* Main.storyboard in Resources */ = {isa = PBXBuildFile; fileRef = ABBBD551219CB87600E3DA73 /* Main.storyboard */; };
		ABBBD555219CB87700E3DA73 /* Assets.xcassets in Resources */ = {isa = PBXBuildFile; fileRef = ABBBD554219CB87700E3DA73 /* Assets.xcassets */; };
		ABBBD558219CB87700E3DA73 /* LaunchScreen.storyboard in Resources */ = {isa = PBXBuildFile; fileRef = ABBBD556219CB87700E3DA73 /* LaunchScreen.storyboard */; };
		ABBBD560219CBA5100E3DA73 /* TableViewController.swift in Sources */ = {isa = PBXBuildFile; fileRef = ABBBD55F219CBA5100E3DA73 /* TableViewController.swift */; };
		ABBBD562219CBA6000E3DA73 /* TableViewCell.swift in Sources */ = {isa = PBXBuildFile; fileRef = ABBBD561219CBA6000E3DA73 /* TableViewCell.swift */; };
		ABBBD564219CBA6F00E3DA73 /* DetailViewController.swift in Sources */ = {isa = PBXBuildFile; fileRef = ABBBD563219CBA6F00E3DA73 /* DetailViewController.swift */; };
/* End PBXBuildFile section */

/* Begin PBXFileReference section */
		AB3BB97B219CF660001E1A5C /* Model.swift */ = {isa = PBXFileReference; lastKnownFileType = sourcecode.swift; path = Model.swift; sourceTree = "<group>"; };
		ABBBD54A219CB87600E3DA73 /* Detailed.app */ = {isa = PBXFileReference; explicitFileType = wrapper.application; includeInIndex = 0; path = Detailed.app; sourceTree = BUILT_PRODUCTS_DIR; };
		ABBBD54D219CB87600E3DA73 /* AppDelegate.swift */ = {isa = PBXFileReference; lastKnownFileType = sourcecode.swift; path = AppDelegate.swift; sourceTree = "<group>"; };
		ABBBD552219CB87600E3DA73 /* Base */ = {isa = PBXFileReference; lastKnownFileType = file.storyboard; name = Base; path = Base.lproj/Main.storyboard; sourceTree = "<group>"; };
		ABBBD554219CB87700E3DA73 /* Assets.xcassets */ = {isa = PBXFileReference; lastKnownFileType = folder.assetcatalog; path = Assets.xcassets; sourceTree = "<group>"; };
		ABBBD557219CB87700E3DA73 /* Base */ = {isa = PBXFileReference; lastKnownFileType = file.storyboard; name = Base; path = Base.lproj/LaunchScreen.storyboard; sourceTree = "<group>"; };
		ABBBD559219CB87700E3DA73 /* Info.plist */ = {isa = PBXFileReference; lastKnownFileType = text.plist.xml; path = Info.plist; sourceTree = "<group>"; };
		ABBBD55F219CBA5100E3DA73 /* TableViewController.swift */ = {isa = PBXFileReference; lastKnownFileType = sourcecode.swift; path = TableViewController.swift; sourceTree = "<group>"; };
		ABBBD561219CBA6000E3DA73 /* TableViewCell.swift */ = {isa = PBXFileReference; lastKnownFileType = sourcecode.swift; path = TableViewCell.swift; sourceTree = "<group>"; };
		ABBBD563219CBA6F00E3DA73 /* DetailViewController.swift */ = {isa = PBXFileReference; lastKnownFileType = sourcecode.swift; path = DetailViewController.swift; sourceTree = "<group>"; };
/* End PBXFileReference section */

/* Begin PBXFrameworksBuildPhase section */
		ABBBD547219CB87600E3DA73 /* Frameworks */ = {
			isa = PBXFrameworksBuildPhase;
			buildActionMask = 2147483647;
			files = (
			);
			runOnlyForDeploymentPostprocessing = 0;
		};
/* End PBXFrameworksBuildPhase section */

/* Begin PBXGroup section */
		ABBBD541219CB87600E3DA73 = {
			isa = PBXGroup;
			children = (
				ABBBD54C219CB87600E3DA73 /* Detailed */,
				ABBBD54B219CB87600E3DA73 /* Products */,
			);
			sourceTree = "<group>";
		};
		ABBBD54B219CB87600E3DA73 /* Products */ = {
			isa = PBXGroup;
			children = (
				ABBBD54A219CB87600E3DA73 /* Detailed.app */,
			);
			name = Products;
			sourceTree = "<group>";
		};
		ABBBD54C219CB87600E3DA73 /* Detailed */ = {
			isa = PBXGroup;
			children = (
				ABBBD54D219CB87600E3DA73 /* AppDelegate.swift */,
				ABBBD55F219CBA5100E3DA73 /* TableViewController.swift */,
				ABBBD561219CBA6000E3DA73 /* TableViewCell.swift */,
				AB3BB97B219CF660001E1A5C /* Model.swift */,
				ABBBD563219CBA6F00E3DA73 /* DetailViewController.swift */,
				ABBBD551219CB87600E3DA73 /* Main.storyboard */,
				ABBBD554219CB87700E3DA73 /* Assets.xcassets */,
				ABBBD556219CB87700E3DA73 /* LaunchScreen.storyboard */,
				ABBBD559219CB87700E3DA73 /* Info.plist */,
			);
			path = Detailed;
			sourceTree = "<group>";
		};
/* End PBXGroup section */

/* Begin PBXNativeTarget section */
		ABBBD549219CB87600E3DA73 /* Detailed */ = {
			isa = PBXNativeTarget;
			buildConfigurationList = ABBBD55C219CB87700E3DA73 /* Build configuration list for PBXNativeTarget "Detailed" */;
			buildPhases = (
				ABBBD546219CB87600E3DA73 /* Sources */,
				ABBBD547219CB87600E3DA73 /* Frameworks */,
				ABBBD548219CB87600E3DA73 /* Resources */,
			);
			buildRules = (
			);
			dependencies = (
			);
			name = Detailed;
			productName = Detailed;
			productReference = ABBBD54A219CB87600E3DA73 /* Detailed.app */;
			productType = "com.apple.product-type.application";
		};
/* End PBXNativeTarget section */

/* Begin PBXProject section */
		ABBBD542219CB87600E3DA73 /* Project object */ = {
			isa = PBXProject;
			attributes = {
				LastSwiftUpdateCheck = 1010;
				LastUpgradeCheck = 1010;
				ORGANIZATIONNAME = jkaunert;
				TargetAttributes = {
					ABBBD549219CB87600E3DA73 = {
						CreatedOnToolsVersion = 10.1;
					};
				};
			};
			buildConfigurationList = ABBBD545219CB87600E3DA73 /* Build configuration list for PBXProject "Detailed" */;
			compatibilityVersion = "Xcode 9.3";
			developmentRegion = en;
			hasScannedForEncodings = 0;
			knownRegions = (
				en,
				Base,
			);
			mainGroup = ABBBD541219CB87600E3DA73;
			productRefGroup = ABBBD54B219CB87600E3DA73 /* Products */;
			projectDirPath = "";
			projectRoot = "";
			targets = (
				ABBBD549219CB87600E3DA73 /* Detailed */,
			);
		};
/* End PBXProject section */

/* Begin PBXResourcesBuildPhase section */
		ABBBD548219CB87600E3DA73 /* Resources */ = {
			isa = PBXResourcesBuildPhase;
			buildActionMask = 2147483647;
			files = (
				ABBBD558219CB87700E3DA73 /* LaunchScreen.storyboard in Resources */,
				ABBBD555219CB87700E3DA73 /* Assets.xcassets in Resources */,
				ABBBD553219CB87600E3DA73 /* Main.storyboard in Resources */,
			);
			runOnlyForDeploymentPostprocessing = 0;
		};
/* End PBXResourcesBuildPhase section */

/* Begin PBXSourcesBuildPhase section */
		ABBBD546219CB87600E3DA73 /* Sources */ = {
			isa = PBXSourcesBuildPhase;
			buildActionMask = 2147483647;
			files = (
				AB3BB97C219CF660001E1A5C /* Model.swift in Sources */,
				ABBBD562219CBA6000E3DA73 /* TableViewCell.swift in Sources */,
				ABBBD54E219CB87600E3DA73 /* AppDelegate.swift in Sources */,
				ABBBD560219CBA5100E3DA73 /* TableViewController.swift in Sources */,
				ABBBD564219CBA6F00E3DA73 /* DetailViewController.swift in Sources */,
			);
			runOnlyForDeploymentPostprocessing = 0;
		};
/* End PBXSourcesBuildPhase section */

/* Begin PBXVariantGroup section */
		ABBBD551219CB87600E3DA73 /* Main.storyboard */ = {
			isa = PBXVariantGroup;
			children = (
				ABBBD552219CB87600E3DA73 /* Base */,
			);
			name = Main.storyboard;
			sourceTree = "<group>";
		};
		ABBBD556219CB87700E3DA73 /* LaunchScreen.storyboard */ = {
			isa = PBXVariantGroup;
			children = (
				ABBBD557219CB87700E3DA73 /* Base */,
			);
			name = LaunchScreen.storyboard;
			sourceTree = "<group>";
		};
/* End PBXVariantGroup section */

/* Begin XCBuildConfiguration section */
		ABBBD55A219CB87700E3DA73 /* Debug */ = {
			isa = XCBuildConfiguration;
			buildSettings = {
				ALWAYS_SEARCH_USER_PATHS = NO;
				CLANG_ANALYZER_NONNULL = YES;
				CLANG_ANALYZER_NUMBER_OBJECT_CONVERSION = YES_AGGRESSIVE;
				CLANG_CXX_LANGUAGE_STANDARD = "gnu++14";
				CLANG_CXX_LIBRARY = "libc++";
				CLANG_ENABLE_MODULES = YES;
				CLANG_ENABLE_OBJC_ARC = YES;
				CLANG_ENABLE_OBJC_WEAK = YES;
				CLANG_WARN_BLOCK_CAPTURE_AUTORELEASING = YES;
				CLANG_WARN_BOOL_CONVERSION = YES;
				CLANG_WARN_COMMA = YES;
				CLANG_WARN_CONSTANT_CONVERSION = YES;
				CLANG_WARN_DEPRECATED_OBJC_IMPLEMENTATIONS = YES;
				CLANG_WARN_DIRECT_OBJC_ISA_USAGE = YES_ERROR;
				CLANG_WARN_DOCUMENTATION_COMMENTS = YES;
				CLANG_WARN_EMPTY_BODY = YES;
				CLANG_WARN_ENUM_CONVERSION = YES;
				CLANG_WARN_INFINITE_RECURSION = YES;
				CLANG_WARN_INT_CONVERSION = YES;
				CLANG_WARN_NON_LITERAL_NULL_CONVERSION = YES;
				CLANG_WARN_OBJC_IMPLICIT_RETAIN_SELF = YES;
				CLANG_WARN_OBJC_LITERAL_CONVERSION = YES;
				CLANG_WARN_OBJC_ROOT_CLASS = YES_ERROR;
				CLANG_WARN_RANGE_LOOP_ANALYSIS = YES;
				CLANG_WARN_STRICT_PROTOTYPES = YES;
				CLANG_WARN_SUSPICIOUS_MOVE = YES;
				CLANG_WARN_UNGUARDED_AVAILABILITY = YES_AGGRESSIVE;
				CLANG_WARN_UNREACHABLE_CODE = YES;
				CLANG_WARN__DUPLICATE_METHOD_MATCH = YES;
				CODE_SIGN_IDENTITY = "iPhone Developer";
				COPY_PHASE_STRIP = NO;
				DEBUG_INFORMATION_FORMAT = dwarf;
				ENABLE_STRICT_OBJC_MSGSEND = YES;
				ENABLE_TESTABILITY = YES;
				GCC_C_LANGUAGE_STANDARD = gnu11;
				GCC_DYNAMIC_NO_PIC = NO;
				GCC_NO_COMMON_BLOCKS = YES;
				GCC_OPTIMIZATION_LEVEL = 0;
				GCC_PREPROCESSOR_DEFINITIONS = (
					"DEBUG=1",
					"$(inherited)",
				);
				GCC_WARN_64_TO_32_BIT_CONVERSION = YES;
				GCC_WARN_ABOUT_RETURN_TYPE = YES_ERROR;
				GCC_WARN_UNDECLARED_SELECTOR = YES;
				GCC_WARN_UNINITIALIZED_AUTOS = YES_AGGRESSIVE;
				GCC_WARN_UNUSED_FUNCTION = YES;
				GCC_WARN_UNUSED_VARIABLE = YES;
				IPHONEOS_DEPLOYMENT_TARGET = 12.1;
				MTL_ENABLE_DEBUG_INFO = INCLUDE_SOURCE;
				MTL_FAST_MATH = YES;
				ONLY_ACTIVE_ARCH = YES;
				SDKROOT = iphoneos;
				SWIFT_ACTIVE_COMPILATION_CONDITIONS = DEBUG;
				SWIFT_OPTIMIZATION_LEVEL = "-Onone";
			};
			name = Debug;
		};
		ABBBD55B219CB87700E3DA73 /* Release */ = {
			isa = XCBuildConfiguration;
			buildSettings = {
				ALWAYS_SEARCH_USER_PATHS = NO;
				CLANG_ANALYZER_NONNULL = YES;
				CLANG_ANALYZER_NUMBER_OBJECT_CONVERSION = YES_AGGRESSIVE;
				CLANG_CXX_LANGUAGE_STANDARD = "gnu++14";
				CLANG_CXX_LIBRARY = "libc++";
				CLANG_ENABLE_MODULES = YES;
				CLANG_ENABLE_OBJC_ARC = YES;
				CLANG_ENABLE_OBJC_WEAK = YES;
				CLANG_WARN_BLOCK_CAPTURE_AUTORELEASING = YES;
				CLANG_WARN_BOOL_CONVERSION = YES;
				CLANG_WARN_COMMA = YES;
				CLANG_WARN_CONSTANT_CONVERSION = YES;
				CLANG_WARN_DEPRECATED_OBJC_IMPLEMENTATIONS = YES;
				CLANG_WARN_DIRECT_OBJC_ISA_USAGE = YES_ERROR;
				CLANG_WARN_DOCUMENTATION_COMMENTS = YES;
				CLANG_WARN_EMPTY_BODY = YES;
				CLANG_WARN_ENUM_CONVERSION = YES;
				CLANG_WARN_INFINITE_RECURSION = YES;
				CLANG_WARN_INT_CONVERSION = YES;
				CLANG_WARN_NON_LITERAL_NULL_CONVERSION = YES;
				CLANG_WARN_OBJC_IMPLICIT_RETAIN_SELF = YES;
				CLANG_WARN_OBJC_LITERAL_CONVERSION = YES;
				CLANG_WARN_OBJC_ROOT_CLASS = YES_ERROR;
				CLANG_WARN_RANGE_LOOP_ANALYSIS = YES;
				CLANG_WARN_STRICT_PROTOTYPES = YES;
				CLANG_WARN_SUSPICIOUS_MOVE = YES;
				CLANG_WARN_UNGUARDED_AVAILABILITY = YES_AGGRESSIVE;
				CLANG_WARN_UNREACHABLE_CODE = YES;
				CLANG_WARN__DUPLICATE_METHOD_MATCH = YES;
				CODE_SIGN_IDENTITY = "iPhone Developer";
				COPY_PHASE_STRIP = NO;
				DEBUG_INFORMATION_FORMAT = "dwarf-with-dsym";
				ENABLE_NS_ASSERTIONS = NO;
				ENABLE_STRICT_OBJC_MSGSEND = YES;
				GCC_C_LANGUAGE_STANDARD = gnu11;
				GCC_NO_COMMON_BLOCKS = YES;
				GCC_WARN_64_TO_32_BIT_CONVERSION = YES;
				GCC_WARN_ABOUT_RETURN_TYPE = YES_ERROR;
				GCC_WARN_UNDECLARED_SELECTOR = YES;
				GCC_WARN_UNINITIALIZED_AUTOS = YES_AGGRESSIVE;
				GCC_WARN_UNUSED_FUNCTION = YES;
				GCC_WARN_UNUSED_VARIABLE = YES;
				IPHONEOS_DEPLOYMENT_TARGET = 12.1;
				MTL_ENABLE_DEBUG_INFO = NO;
				MTL_FAST_MATH = YES;
				SDKROOT = iphoneos;
				SWIFT_COMPILATION_MODE = wholemodule;
				SWIFT_OPTIMIZATION_LEVEL = "-O";
				VALIDATE_PRODUCT = YES;
			};
			name = Release;
		};
		ABBBD55D219CB87700E3DA73 /* Debug */ = {
			isa = XCBuildConfiguration;
			buildSettings = {
				ASSETCATALOG_COMPILER_APPICON_NAME = AppIcon;
				CODE_SIGN_STYLE = Automatic;
				DEVELOPMENT_TEAM = HSRQC9N69B;
				INFOPLIST_FILE = Detailed/Info.plist;
				LD_RUNPATH_SEARCH_PATHS = (
					"$(inherited)",
					"@executable_path/Frameworks",
				);
				PRODUCT_BUNDLE_IDENTIFIER = com.jkaunert.Detailed;
				PRODUCT_NAME = "$(TARGET_NAME)";
				SWIFT_VERSION = 4.2;
				TARGETED_DEVICE_FAMILY = "1,2";
			};
			name = Debug;
		};
		ABBBD55E219CB87700E3DA73 /* Release */ = {
			isa = XCBuildConfiguration;
			buildSettings = {
				ASSETCATALOG_COMPILER_APPICON_NAME = AppIcon;
				CODE_SIGN_STYLE = Automatic;
				DEVELOPMENT_TEAM = HSRQC9N69B;
				INFOPLIST_FILE = Detailed/Info.plist;
				LD_RUNPATH_SEARCH_PATHS = (
					"$(inherited)",
					"@executable_path/Frameworks",
				);
				PRODUCT_BUNDLE_IDENTIFIER = com.jkaunert.Detailed;
				PRODUCT_NAME = "$(TARGET_NAME)";
				SWIFT_VERSION = 4.2;
				TARGETED_DEVICE_FAMILY = "1,2";
			};
			name = Release;
		};
/* End XCBuildConfiguration section */

/* Begin XCConfigurationList section */
		ABBBD545219CB87600E3DA73 /* Build configuration list for PBXProject "Detailed" */ = {
			isa = XCConfigurationList;
			buildConfigurations = (
				ABBBD55A219CB87700E3DA73 /* Debug */,
				ABBBD55B219CB87700E3DA73 /* Release */,
			);
			defaultConfigurationIsVisible = 0;
			defaultConfigurationName = Release;
		};
		ABBBD55C219CB87700E3DA73 /* Build configuration list for PBXNativeTarget "Detailed" */ = {
			isa = XCConfigurationList;
			buildConfigurations = (
				ABBBD55D219CB87700E3DA73 /* Debug */,
				ABBBD55E219CB87700E3DA73 /* Release */,
			);
			defaultConfigurationIsVisible = 0;
			defaultConfigurationName = Release;
		};
/* End XCConfigurationList section */
	};
	rootObject = ABBBD542219CB87600E3DA73 /* Project object */;
}
