// !$*UTF8*$!
{
	archiveVersion = 1;
	classes = {
	};
	objectVersion = 50;
	objects = {

/* Begin PBXBuildFile section */
		BDAFFEA421AE01AC00D13E7D /* AppDelegate.swift in Sources */ = {isa = PBXBuildFile; fileRef = BDAFFEA321AE01AC00D13E7D /* AppDelegate.swift */; };
		BDAFFEA621AE01AC00D13E7D /* ViewController.swift in Sources */ = {isa = PBXBuildFile; fileRef = BDAFFEA521AE01AC00D13E7D /* ViewController.swift */; };
		BDAFFEA921AE01AC00D13E7D /* Main.storyboard in Resources */ = {isa = PBXBuildFile; fileRef = BDAFFEA721AE01AC00D13E7D /* Main.storyboard */; };
		BDAFFEAB21AE01AD00D13E7D /* Assets.xcassets in Resources */ = {isa = PBXBuildFile; fileRef = BDAFFEAA21AE01AD00D13E7D /* Assets.xcassets */; };
		BDAFFEAE21AE01AD00D13E7D /* LaunchScreen.storyboard in Resources */ = {isa = PBXBuildFile; fileRef = BDAFFEAC21AE01AD00D13E7D /* LaunchScreen.storyboard */; };
/* End PBXBuildFile section */

/* Begin PBXFileReference section */
		BDAFFEA021AE01AC00D13E7D /* Detailed.app */ = {isa = PBXFileReference; explicitFileType = wrapper.application; includeInIndex = 0; path = Detailed.app; sourceTree = BUILT_PRODUCTS_DIR; };
		BDAFFEA321AE01AC00D13E7D /* AppDelegate.swift */ = {isa = PBXFileReference; lastKnownFileType = sourcecode.swift; path = AppDelegate.swift; sourceTree = "<group>"; };
		BDAFFEA521AE01AC00D13E7D /* ViewController.swift */ = {isa = PBXFileReference; lastKnownFileType = sourcecode.swift; path = ViewController.swift; sourceTree = "<group>"; };
		BDAFFEA821AE01AC00D13E7D /* Base */ = {isa = PBXFileReference; lastKnownFileType = file.storyboard; name = Base; path = Base.lproj/Main.storyboard; sourceTree = "<group>"; };
		BDAFFEAA21AE01AD00D13E7D /* Assets.xcassets */ = {isa = PBXFileReference; lastKnownFileType = folder.assetcatalog; path = Assets.xcassets; sourceTree = "<group>"; };
		BDAFFEAD21AE01AD00D13E7D /* Base */ = {isa = PBXFileReference; lastKnownFileType = file.storyboard; name = Base; path = Base.lproj/LaunchScreen.storyboard; sourceTree = "<group>"; };
		BDAFFEAF21AE01AD00D13E7D /* Info.plist */ = {isa = PBXFileReference; lastKnownFileType = text.plist.xml; path = Info.plist; sourceTree = "<group>"; };
/* End PBXFileReference section */

/* Begin PBXFrameworksBuildPhase section */
		BDAFFE9D21AE01AC00D13E7D /* Frameworks */ = {
			isa = PBXFrameworksBuildPhase;
			buildActionMask = 2147483647;
			files = (
			);
			runOnlyForDeploymentPostprocessing = 0;
		};
/* End PBXFrameworksBuildPhase section */

/* Begin PBXGroup section */
		BDAFFE9721AE01AC00D13E7D = {
			isa = PBXGroup;
			children = (
				BDAFFEA221AE01AC00D13E7D /* Detailed */,
				BDAFFEA121AE01AC00D13E7D /* Products */,
			);
			sourceTree = "<group>";
		};
		BDAFFEA121AE01AC00D13E7D /* Products */ = {
			isa = PBXGroup;
			children = (
				BDAFFEA021AE01AC00D13E7D /* Detailed.app */,
			);
			name = Products;
			sourceTree = "<group>";
		};
		BDAFFEA221AE01AC00D13E7D /* Detailed */ = {
			isa = PBXGroup;
			children = (
				BDAFFEA321AE01AC00D13E7D /* AppDelegate.swift */,
				BDAFFEA521AE01AC00D13E7D /* ViewController.swift */,
				BDAFFEA721AE01AC00D13E7D /* Main.storyboard */,
				BDAFFEAA21AE01AD00D13E7D /* Assets.xcassets */,
				BDAFFEAC21AE01AD00D13E7D /* LaunchScreen.storyboard */,
				BDAFFEAF21AE01AD00D13E7D /* Info.plist */,
			);
			path = Detailed;
			sourceTree = "<group>";
		};
/* End PBXGroup section */

/* Begin PBXNativeTarget section */
		BDAFFE9F21AE01AC00D13E7D /* Detailed */ = {
			isa = PBXNativeTarget;
			buildConfigurationList = BDAFFEB221AE01AD00D13E7D /* Build configuration list for PBXNativeTarget "Detailed" */;
			buildPhases = (
				BDAFFE9C21AE01AC00D13E7D /* Sources */,
				BDAFFE9D21AE01AC00D13E7D /* Frameworks */,
				BDAFFE9E21AE01AC00D13E7D /* Resources */,
			);
			buildRules = (
			);
			dependencies = (
			);
			name = Detailed;
			productName = Detailed;
			productReference = BDAFFEA021AE01AC00D13E7D /* Detailed.app */;
			productType = "com.apple.product-type.application";
		};
/* End PBXNativeTarget section */

/* Begin PBXProject section */
		BDAFFE9821AE01AC00D13E7D /* Project object */ = {
			isa = PBXProject;
			attributes = {
				LastSwiftUpdateCheck = 1010;
				LastUpgradeCheck = 1010;
				ORGANIZATIONNAME = "Rob Herold";
				TargetAttributes = {
					BDAFFE9F21AE01AC00D13E7D = {
						CreatedOnToolsVersion = 10.1;
					};
				};
			};
			buildConfigurationList = BDAFFE9B21AE01AC00D13E7D /* Build configuration list for PBXProject "Detailed" */;
			compatibilityVersion = "Xcode 9.3";
			developmentRegion = en;
			hasScannedForEncodings = 0;
			knownRegions = (
				en,
				Base,
			);
			mainGroup = BDAFFE9721AE01AC00D13E7D;
			productRefGroup = BDAFFEA121AE01AC00D13E7D /* Products */;
			projectDirPath = "";
			projectRoot = "";
			targets = (
				BDAFFE9F21AE01AC00D13E7D /* Detailed */,
			);
		};
/* End PBXProject section */

/* Begin PBXResourcesBuildPhase section */
		BDAFFE9E21AE01AC00D13E7D /* Resources */ = {
			isa = PBXResourcesBuildPhase;
			buildActionMask = 2147483647;
			files = (
				BDAFFEAE21AE01AD00D13E7D /* LaunchScreen.storyboard in Resources */,
				BDAFFEAB21AE01AD00D13E7D /* Assets.xcassets in Resources */,
				BDAFFEA921AE01AC00D13E7D /* Main.storyboard in Resources */,
			);
			runOnlyForDeploymentPostprocessing = 0;
		};
/* End PBXResourcesBuildPhase section */

/* Begin PBXSourcesBuildPhase section */
		BDAFFE9C21AE01AC00D13E7D /* Sources */ = {
			isa = PBXSourcesBuildPhase;
			buildActionMask = 2147483647;
			files = (
				BDAFFEA621AE01AC00D13E7D /* ViewController.swift in Sources */,
				BDAFFEA421AE01AC00D13E7D /* AppDelegate.swift in Sources */,
			);
			runOnlyForDeploymentPostprocessing = 0;
		};
/* End PBXSourcesBuildPhase section */

/* Begin PBXVariantGroup section */
		BDAFFEA721AE01AC00D13E7D /* Main.storyboard */ = {
			isa = PBXVariantGroup;
			children = (
				BDAFFEA821AE01AC00D13E7D /* Base */,
			);
			name = Main.storyboard;
			sourceTree = "<group>";
		};
		BDAFFEAC21AE01AD00D13E7D /* LaunchScreen.storyboard */ = {
			isa = PBXVariantGroup;
			children = (
				BDAFFEAD21AE01AD00D13E7D /* Base */,
			);
			name = LaunchScreen.storyboard;
			sourceTree = "<group>";
		};
/* End PBXVariantGroup section */

/* Begin XCBuildConfiguration section */
		BDAFFEB021AE01AD00D13E7D /* Debug */ = {
			isa = XCBuildConfiguration;
			buildSettings = {
				ALWAYS_SEARCH_USER_PATHS = NO;
				CLANG_ANALYZER_NONNULL = YES;
				CLANG_ANALYZER_NUMBER_OBJECT_CONVERSION = YES_AGGRESSIVE;
				CLANG_CXX_LANGUAGE_STANDARD = "gnu++14";
				CLANG_CXX_LIBRARY = "libc++";
				CLANG_ENABLE_MODULES = YES;
				CLANG_ENABLE_OBJC_ARC = YES;
				CLANG_ENABLE_OBJC_WEAK = YES;
				CLANG_WARN_BLOCK_CAPTURE_AUTORELEASING = YES;
				CLANG_WARN_BOOL_CONVERSION = YES;
				CLANG_WARN_COMMA = YES;
				CLANG_WARN_CONSTANT_CONVERSION = YES;
				CLANG_WARN_DEPRECATED_OBJC_IMPLEMENTATIONS = YES;
				CLANG_WARN_DIRECT_OBJC_ISA_USAGE = YES_ERROR;
				CLANG_WARN_DOCUMENTATION_COMMENTS = YES;
				CLANG_WARN_EMPTY_BODY = YES;
				CLANG_WARN_ENUM_CONVERSION = YES;
				CLANG_WARN_INFINITE_RECURSION = YES;
				CLANG_WARN_INT_CONVERSION = YES;
				CLANG_WARN_NON_LITERAL_NULL_CONVERSION = YES;
				CLANG_WARN_OBJC_IMPLICIT_RETAIN_SELF = YES;
				CLANG_WARN_OBJC_LITERAL_CONVERSION = YES;
				CLANG_WARN_OBJC_ROOT_CLASS = YES_ERROR;
				CLANG_WARN_RANGE_LOOP_ANALYSIS = YES;
				CLANG_WARN_STRICT_PROTOTYPES = YES;
				CLANG_WARN_SUSPICIOUS_MOVE = YES;
				CLANG_WARN_UNGUARDED_AVAILABILITY = YES_AGGRESSIVE;
				CLANG_WARN_UNREACHABLE_CODE = YES;
				CLANG_WARN__DUPLICATE_METHOD_MATCH = YES;
				CODE_SIGN_IDENTITY = "iPhone Developer";
				COPY_PHASE_STRIP = NO;
				DEBUG_INFORMATION_FORMAT = dwarf;
				ENABLE_STRICT_OBJC_MSGSEND = YES;
				ENABLE_TESTABILITY = YES;
				GCC_C_LANGUAGE_STANDARD = gnu11;
				GCC_DYNAMIC_NO_PIC = NO;
				GCC_NO_COMMON_BLOCKS = YES;
				GCC_OPTIMIZATION_LEVEL = 0;
				GCC_PREPROCESSOR_DEFINITIONS = (
					"DEBUG=1",
					"$(inherited)",
				);
				GCC_WARN_64_TO_32_BIT_CONVERSION = YES;
				GCC_WARN_ABOUT_RETURN_TYPE = YES_ERROR;
				GCC_WARN_UNDECLARED_SELECTOR = YES;
				GCC_WARN_UNINITIALIZED_AUTOS = YES_AGGRESSIVE;
				GCC_WARN_UNUSED_FUNCTION = YES;
				GCC_WARN_UNUSED_VARIABLE = YES;
				IPHONEOS_DEPLOYMENT_TARGET = 12.1;
				MTL_ENABLE_DEBUG_INFO = INCLUDE_SOURCE;
				MTL_FAST_MATH = YES;
				ONLY_ACTIVE_ARCH = YES;
				SDKROOT = iphoneos;
				SWIFT_ACTIVE_COMPILATION_CONDITIONS = DEBUG;
				SWIFT_OPTIMIZATION_LEVEL = "-Onone";
			};
			name = Debug;
		};
		BDAFFEB121AE01AD00D13E7D /* Release */ = {
			isa = XCBuildConfiguration;
			buildSettings = {
				ALWAYS_SEARCH_USER_PATHS = NO;
				CLANG_ANALYZER_NONNULL = YES;
				CLANG_ANALYZER_NUMBER_OBJECT_CONVERSION = YES_AGGRESSIVE;
				CLANG_CXX_LANGUAGE_STANDARD = "gnu++14";
				CLANG_CXX_LIBRARY = "libc++";
				CLANG_ENABLE_MODULES = YES;
				CLANG_ENABLE_OBJC_ARC = YES;
				CLANG_ENABLE_OBJC_WEAK = YES;
				CLANG_WARN_BLOCK_CAPTURE_AUTORELEASING = YES;
				CLANG_WARN_BOOL_CONVERSION = YES;
				CLANG_WARN_COMMA = YES;
				CLANG_WARN_CONSTANT_CONVERSION = YES;
				CLANG_WARN_DEPRECATED_OBJC_IMPLEMENTATIONS = YES;
				CLANG_WARN_DIRECT_OBJC_ISA_USAGE = YES_ERROR;
				CLANG_WARN_DOCUMENTATION_COMMENTS = YES;
				CLANG_WARN_EMPTY_BODY = YES;
				CLANG_WARN_ENUM_CONVERSION = YES;
				CLANG_WARN_INFINITE_RECURSION = YES;
				CLANG_WARN_INT_CONVERSION = YES;
				CLANG_WARN_NON_LITERAL_NULL_CONVERSION = YES;
				CLANG_WARN_OBJC_IMPLICIT_RETAIN_SELF = YES;
				CLANG_WARN_OBJC_LITERAL_CONVERSION = YES;
				CLANG_WARN_OBJC_ROOT_CLASS = YES_ERROR;
				CLANG_WARN_RANGE_LOOP_ANALYSIS = YES;
				CLANG_WARN_STRICT_PROTOTYPES = YES;
				CLANG_WARN_SUSPICIOUS_MOVE = YES;
				CLANG_WARN_UNGUARDED_AVAILABILITY = YES_AGGRESSIVE;
				CLANG_WARN_UNREACHABLE_CODE = YES;
				CLANG_WARN__DUPLICATE_METHOD_MATCH = YES;
				CODE_SIGN_IDENTITY = "iPhone Developer";
				COPY_PHASE_STRIP = NO;
				DEBUG_INFORMATION_FORMAT = "dwarf-with-dsym";
				ENABLE_NS_ASSERTIONS = NO;
				ENABLE_STRICT_OBJC_MSGSEND = YES;
				GCC_C_LANGUAGE_STANDARD = gnu11;
				GCC_NO_COMMON_BLOCKS = YES;
				GCC_WARN_64_TO_32_BIT_CONVERSION = YES;
				GCC_WARN_ABOUT_RETURN_TYPE = YES_ERROR;
				GCC_WARN_UNDECLARED_SELECTOR = YES;
				GCC_WARN_UNINITIALIZED_AUTOS = YES_AGGRESSIVE;
				GCC_WARN_UNUSED_FUNCTION = YES;
				GCC_WARN_UNUSED_VARIABLE = YES;
				IPHONEOS_DEPLOYMENT_TARGET = 12.1;
				MTL_ENABLE_DEBUG_INFO = NO;
				MTL_FAST_MATH = YES;
				SDKROOT = iphoneos;
				SWIFT_COMPILATION_MODE = wholemodule;
				SWIFT_OPTIMIZATION_LEVEL = "-O";
				VALIDATE_PRODUCT = YES;
			};
			name = Release;
		};
		BDAFFEB321AE01AD00D13E7D /* Debug */ = {
			isa = XCBuildConfiguration;
			buildSettings = {
				ASSETCATALOG_COMPILER_APPICON_NAME = AppIcon;
				CODE_SIGN_STYLE = Automatic;
				DEVELOPMENT_TEAM = NBF6MEV9S8;
				INFOPLIST_FILE = Detailed/Info.plist;
				LD_RUNPATH_SEARCH_PATHS = (
					"$(inherited)",
					"@executable_path/Frameworks",
				);
				PRODUCT_BUNDLE_IDENTIFIER = com.rdherold.Detailed;
				PRODUCT_NAME = "$(TARGET_NAME)";
				SWIFT_VERSION = 4.2;
				TARGETED_DEVICE_FAMILY = "1,2";
			};
			name = Debug;
		};
		BDAFFEB421AE01AD00D13E7D /* Release */ = {
			isa = XCBuildConfiguration;
			buildSettings = {
				ASSETCATALOG_COMPILER_APPICON_NAME = AppIcon;
				CODE_SIGN_STYLE = Automatic;
				DEVELOPMENT_TEAM = NBF6MEV9S8;
				INFOPLIST_FILE = Detailed/Info.plist;
				LD_RUNPATH_SEARCH_PATHS = (
					"$(inherited)",
					"@executable_path/Frameworks",
				);
				PRODUCT_BUNDLE_IDENTIFIER = com.rdherold.Detailed;
				PRODUCT_NAME = "$(TARGET_NAME)";
				SWIFT_VERSION = 4.2;
				TARGETED_DEVICE_FAMILY = "1,2";
			};
			name = Release;
		};
/* End XCBuildConfiguration section */

/* Begin XCConfigurationList section */
		BDAFFE9B21AE01AC00D13E7D /* Build configuration list for PBXProject "Detailed" */ = {
			isa = XCConfigurationList;
			buildConfigurations = (
				BDAFFEB021AE01AD00D13E7D /* Debug */,
				BDAFFEB121AE01AD00D13E7D /* Release */,
			);
			defaultConfigurationIsVisible = 0;
			defaultConfigurationName = Release;
		};
		BDAFFEB221AE01AD00D13E7D /* Build configuration list for PBXNativeTarget "Detailed" */ = {
			isa = XCConfigurationList;
			buildConfigurations = (
				BDAFFEB321AE01AD00D13E7D /* Debug */,
				BDAFFEB421AE01AD00D13E7D /* Release */,
			);
			defaultConfigurationIsVisible = 0;
			defaultConfigurationName = Release;
		};
/* End XCConfigurationList section */
	};
	rootObject = BDAFFE9821AE01AC00D13E7D /* Project object */;
}
