// !$*UTF8*$!
{
	archiveVersion = 1;
	classes = {
	};
	objectVersion = 50;
	objects = {

/* Begin PBXBuildFile section */
		F8F12634219CC894006D63EE /* AppDelegate.swift in Sources */ = {isa = PBXBuildFile; fileRef = F8F12633219CC894006D63EE /* AppDelegate.swift */; };
		F8F12639219CC894006D63EE /* Main.storyboard in Resources */ = {isa = PBXBuildFile; fileRef = F8F12637219CC894006D63EE /* Main.storyboard */; };
		F8F1263B219CC895006D63EE /* Assets.xcassets in Resources */ = {isa = PBXBuildFile; fileRef = F8F1263A219CC895006D63EE /* Assets.xcassets */; };
		F8F1263E219CC895006D63EE /* LaunchScreen.storyboard in Resources */ = {isa = PBXBuildFile; fileRef = F8F1263C219CC895006D63EE /* LaunchScreen.storyboard */; };
		F8F12646219CCAEE006D63EE /* TableViewController.swift in Sources */ = {isa = PBXBuildFile; fileRef = F8F12645219CCAEE006D63EE /* TableViewController.swift */; };
		F8F12648219CCAF7006D63EE /* TableViewCell.swift in Sources */ = {isa = PBXBuildFile; fileRef = F8F12647219CCAF7006D63EE /* TableViewCell.swift */; };
		F8F1264A219CCB05006D63EE /* DetailViewController.swift in Sources */ = {isa = PBXBuildFile; fileRef = F8F12649219CCB05006D63EE /* DetailViewController.swift */; };
		F8F1264C219CCB0E006D63EE /* Model.swift in Sources */ = {isa = PBXBuildFile; fileRef = F8F1264B219CCB0E006D63EE /* Model.swift */; };
/* End PBXBuildFile section */

/* Begin PBXFileReference section */
		F8F12630219CC894006D63EE /* Detailed.app */ = {isa = PBXFileReference; explicitFileType = wrapper.application; includeInIndex = 0; path = Detailed.app; sourceTree = BUILT_PRODUCTS_DIR; };
		F8F12633219CC894006D63EE /* AppDelegate.swift */ = {isa = PBXFileReference; lastKnownFileType = sourcecode.swift; path = AppDelegate.swift; sourceTree = "<group>"; };
		F8F12638219CC894006D63EE /* Base */ = {isa = PBXFileReference; lastKnownFileType = file.storyboard; name = Base; path = Base.lproj/Main.storyboard; sourceTree = "<group>"; };
		F8F1263A219CC895006D63EE /* Assets.xcassets */ = {isa = PBXFileReference; lastKnownFileType = folder.assetcatalog; path = Assets.xcassets; sourceTree = "<group>"; };
		F8F1263D219CC895006D63EE /* Base */ = {isa = PBXFileReference; lastKnownFileType = file.storyboard; name = Base; path = Base.lproj/LaunchScreen.storyboard; sourceTree = "<group>"; };
		F8F1263F219CC895006D63EE /* Info.plist */ = {isa = PBXFileReference; lastKnownFileType = text.plist.xml; path = Info.plist; sourceTree = "<group>"; };
		F8F12645219CCAEE006D63EE /* TableViewController.swift */ = {isa = PBXFileReference; lastKnownFileType = sourcecode.swift; path = TableViewController.swift; sourceTree = "<group>"; };
		F8F12647219CCAF7006D63EE /* TableViewCell.swift */ = {isa = PBXFileReference; lastKnownFileType = sourcecode.swift; path = TableViewCell.swift; sourceTree = "<group>"; };
		F8F12649219CCB05006D63EE /* DetailViewController.swift */ = {isa = PBXFileReference; lastKnownFileType = sourcecode.swift; path = DetailViewController.swift; sourceTree = "<group>"; };
		F8F1264B219CCB0E006D63EE /* Model.swift */ = {isa = PBXFileReference; lastKnownFileType = sourcecode.swift; path = Model.swift; sourceTree = "<group>"; };
/* End PBXFileReference section */

/* Begin PBXFrameworksBuildPhase section */
		F8F1262D219CC894006D63EE /* Frameworks */ = {
			isa = PBXFrameworksBuildPhase;
			buildActionMask = 2147483647;
			files = (
			);
			runOnlyForDeploymentPostprocessing = 0;
		};
/* End PBXFrameworksBuildPhase section */

/* Begin PBXGroup section */
		F8F12627219CC894006D63EE = {
			isa = PBXGroup;
			children = (
				F8F12632219CC894006D63EE /* Detailed */,
				F8F12631219CC894006D63EE /* Products */,
			);
			sourceTree = "<group>";
		};
		F8F12631219CC894006D63EE /* Products */ = {
			isa = PBXGroup;
			children = (
				F8F12630219CC894006D63EE /* Detailed.app */,
			);
			name = Products;
			sourceTree = "<group>";
		};
		F8F12632219CC894006D63EE /* Detailed */ = {
			isa = PBXGroup;
			children = (
				F8F12633219CC894006D63EE /* AppDelegate.swift */,
				F8F12637219CC894006D63EE /* Main.storyboard */,
				F8F1263A219CC895006D63EE /* Assets.xcassets */,
				F8F12645219CCAEE006D63EE /* TableViewController.swift */,
				F8F12647219CCAF7006D63EE /* TableViewCell.swift */,
				F8F12649219CCB05006D63EE /* DetailViewController.swift */,
				F8F1264B219CCB0E006D63EE /* Model.swift */,
				F8F1263C219CC895006D63EE /* LaunchScreen.storyboard */,
				F8F1263F219CC895006D63EE /* Info.plist */,
			);
			path = Detailed;
			sourceTree = "<group>";
		};
/* End PBXGroup section */

/* Begin PBXNativeTarget section */
		F8F1262F219CC894006D63EE /* Detailed */ = {
			isa = PBXNativeTarget;
			buildConfigurationList = F8F12642219CC895006D63EE /* Build configuration list for PBXNativeTarget "Detailed" */;
			buildPhases = (
				F8F1262C219CC894006D63EE /* Sources */,
				F8F1262D219CC894006D63EE /* Frameworks */,
				F8F1262E219CC894006D63EE /* Resources */,
			);
			buildRules = (
			);
			dependencies = (
			);
			name = Detailed;
			productName = Detailed;
			productReference = F8F12630219CC894006D63EE /* Detailed.app */;
			productType = "com.apple.product-type.application";
		};
/* End PBXNativeTarget section */

/* Begin PBXProject section */
		F8F12628219CC894006D63EE /* Project object */ = {
			isa = PBXProject;
			attributes = {
				LastSwiftUpdateCheck = 1010;
				LastUpgradeCheck = 1010;
				ORGANIZATIONNAME = "Jaspal Suri";
				TargetAttributes = {
					F8F1262F219CC894006D63EE = {
						CreatedOnToolsVersion = 10.1;
					};
				};
			};
			buildConfigurationList = F8F1262B219CC894006D63EE /* Build configuration list for PBXProject "Detailed" */;
			compatibilityVersion = "Xcode 9.3";
			developmentRegion = en;
			hasScannedForEncodings = 0;
			knownRegions = (
				en,
				Base,
			);
			mainGroup = F8F12627219CC894006D63EE;
			productRefGroup = F8F12631219CC894006D63EE /* Products */;
			projectDirPath = "";
			projectRoot = "";
			targets = (
				F8F1262F219CC894006D63EE /* Detailed */,
			);
		};
/* End PBXProject section */

/* Begin PBXResourcesBuildPhase section */
		F8F1262E219CC894006D63EE /* Resources */ = {
			isa = PBXResourcesBuildPhase;
			buildActionMask = 2147483647;
			files = (
				F8F1263E219CC895006D63EE /* LaunchScreen.storyboard in Resources */,
				F8F1263B219CC895006D63EE /* Assets.xcassets in Resources */,
				F8F12639219CC894006D63EE /* Main.storyboard in Resources */,
			);
			runOnlyForDeploymentPostprocessing = 0;
		};
/* End PBXResourcesBuildPhase section */

/* Begin PBXSourcesBuildPhase section */
		F8F1262C219CC894006D63EE /* Sources */ = {
			isa = PBXSourcesBuildPhase;
			buildActionMask = 2147483647;
			files = (
				F8F1264C219CCB0E006D63EE /* Model.swift in Sources */,
				F8F12648219CCAF7006D63EE /* TableViewCell.swift in Sources */,
				F8F12634219CC894006D63EE /* AppDelegate.swift in Sources */,
				F8F12646219CCAEE006D63EE /* TableViewController.swift in Sources */,
				F8F1264A219CCB05006D63EE /* DetailViewController.swift in Sources */,
			);
			runOnlyForDeploymentPostprocessing = 0;
		};
/* End PBXSourcesBuildPhase section */

/* Begin PBXVariantGroup section */
		F8F12637219CC894006D63EE /* Main.storyboard */ = {
			isa = PBXVariantGroup;
			children = (
				F8F12638219CC894006D63EE /* Base */,
			);
			name = Main.storyboard;
			sourceTree = "<group>";
		};
		F8F1263C219CC895006D63EE /* LaunchScreen.storyboard */ = {
			isa = PBXVariantGroup;
			children = (
				F8F1263D219CC895006D63EE /* Base */,
			);
			name = LaunchScreen.storyboard;
			sourceTree = "<group>";
		};
/* End PBXVariantGroup section */

/* Begin XCBuildConfiguration section */
		F8F12640219CC895006D63EE /* Debug */ = {
			isa = XCBuildConfiguration;
			buildSettings = {
				ALWAYS_SEARCH_USER_PATHS = NO;
				CLANG_ANALYZER_NONNULL = YES;
				CLANG_ANALYZER_NUMBER_OBJECT_CONVERSION = YES_AGGRESSIVE;
				CLANG_CXX_LANGUAGE_STANDARD = "gnu++14";
				CLANG_CXX_LIBRARY = "libc++";
				CLANG_ENABLE_MODULES = YES;
				CLANG_ENABLE_OBJC_ARC = YES;
				CLANG_ENABLE_OBJC_WEAK = YES;
				CLANG_WARN_BLOCK_CAPTURE_AUTORELEASING = YES;
				CLANG_WARN_BOOL_CONVERSION = YES;
				CLANG_WARN_COMMA = YES;
				CLANG_WARN_CONSTANT_CONVERSION = YES;
				CLANG_WARN_DEPRECATED_OBJC_IMPLEMENTATIONS = YES;
				CLANG_WARN_DIRECT_OBJC_ISA_USAGE = YES_ERROR;
				CLANG_WARN_DOCUMENTATION_COMMENTS = YES;
				CLANG_WARN_EMPTY_BODY = YES;
				CLANG_WARN_ENUM_CONVERSION = YES;
				CLANG_WARN_INFINITE_RECURSION = YES;
				CLANG_WARN_INT_CONVERSION = YES;
				CLANG_WARN_NON_LITERAL_NULL_CONVERSION = YES;
				CLANG_WARN_OBJC_IMPLICIT_RETAIN_SELF = YES;
				CLANG_WARN_OBJC_LITERAL_CONVERSION = YES;
				CLANG_WARN_OBJC_ROOT_CLASS = YES_ERROR;
				CLANG_WARN_RANGE_LOOP_ANALYSIS = YES;
				CLANG_WARN_STRICT_PROTOTYPES = YES;
				CLANG_WARN_SUSPICIOUS_MOVE = YES;
				CLANG_WARN_UNGUARDED_AVAILABILITY = YES_AGGRESSIVE;
				CLANG_WARN_UNREACHABLE_CODE = YES;
				CLANG_WARN__DUPLICATE_METHOD_MATCH = YES;
				CODE_SIGN_IDENTITY = "iPhone Developer";
				COPY_PHASE_STRIP = NO;
				DEBUG_INFORMATION_FORMAT = dwarf;
				ENABLE_STRICT_OBJC_MSGSEND = YES;
				ENABLE_TESTABILITY = YES;
				GCC_C_LANGUAGE_STANDARD = gnu11;
				GCC_DYNAMIC_NO_PIC = NO;
				GCC_NO_COMMON_BLOCKS = YES;
				GCC_OPTIMIZATION_LEVEL = 0;
				GCC_PREPROCESSOR_DEFINITIONS = (
					"DEBUG=1",
					"$(inherited)",
				);
				GCC_WARN_64_TO_32_BIT_CONVERSION = YES;
				GCC_WARN_ABOUT_RETURN_TYPE = YES_ERROR;
				GCC_WARN_UNDECLARED_SELECTOR = YES;
				GCC_WARN_UNINITIALIZED_AUTOS = YES_AGGRESSIVE;
				GCC_WARN_UNUSED_FUNCTION = YES;
				GCC_WARN_UNUSED_VARIABLE = YES;
				IPHONEOS_DEPLOYMENT_TARGET = 12.1;
				MTL_ENABLE_DEBUG_INFO = INCLUDE_SOURCE;
				MTL_FAST_MATH = YES;
				ONLY_ACTIVE_ARCH = YES;
				SDKROOT = iphoneos;
				SWIFT_ACTIVE_COMPILATION_CONDITIONS = DEBUG;
				SWIFT_OPTIMIZATION_LEVEL = "-Onone";
			};
			name = Debug;
		};
		F8F12641219CC895006D63EE /* Release */ = {
			isa = XCBuildConfiguration;
			buildSettings = {
				ALWAYS_SEARCH_USER_PATHS = NO;
				CLANG_ANALYZER_NONNULL = YES;
				CLANG_ANALYZER_NUMBER_OBJECT_CONVERSION = YES_AGGRESSIVE;
				CLANG_CXX_LANGUAGE_STANDARD = "gnu++14";
				CLANG_CXX_LIBRARY = "libc++";
				CLANG_ENABLE_MODULES = YES;
				CLANG_ENABLE_OBJC_ARC = YES;
				CLANG_ENABLE_OBJC_WEAK = YES;
				CLANG_WARN_BLOCK_CAPTURE_AUTORELEASING = YES;
				CLANG_WARN_BOOL_CONVERSION = YES;
				CLANG_WARN_COMMA = YES;
				CLANG_WARN_CONSTANT_CONVERSION = YES;
				CLANG_WARN_DEPRECATED_OBJC_IMPLEMENTATIONS = YES;
				CLANG_WARN_DIRECT_OBJC_ISA_USAGE = YES_ERROR;
				CLANG_WARN_DOCUMENTATION_COMMENTS = YES;
				CLANG_WARN_EMPTY_BODY = YES;
				CLANG_WARN_ENUM_CONVERSION = YES;
				CLANG_WARN_INFINITE_RECURSION = YES;
				CLANG_WARN_INT_CONVERSION = YES;
				CLANG_WARN_NON_LITERAL_NULL_CONVERSION = YES;
				CLANG_WARN_OBJC_IMPLICIT_RETAIN_SELF = YES;
				CLANG_WARN_OBJC_LITERAL_CONVERSION = YES;
				CLANG_WARN_OBJC_ROOT_CLASS = YES_ERROR;
				CLANG_WARN_RANGE_LOOP_ANALYSIS = YES;
				CLANG_WARN_STRICT_PROTOTYPES = YES;
				CLANG_WARN_SUSPICIOUS_MOVE = YES;
				CLANG_WARN_UNGUARDED_AVAILABILITY = YES_AGGRESSIVE;
				CLANG_WARN_UNREACHABLE_CODE = YES;
				CLANG_WARN__DUPLICATE_METHOD_MATCH = YES;
				CODE_SIGN_IDENTITY = "iPhone Developer";
				COPY_PHASE_STRIP = NO;
				DEBUG_INFORMATION_FORMAT = "dwarf-with-dsym";
				ENABLE_NS_ASSERTIONS = NO;
				ENABLE_STRICT_OBJC_MSGSEND = YES;
				GCC_C_LANGUAGE_STANDARD = gnu11;
				GCC_NO_COMMON_BLOCKS = YES;
				GCC_WARN_64_TO_32_BIT_CONVERSION = YES;
				GCC_WARN_ABOUT_RETURN_TYPE = YES_ERROR;
				GCC_WARN_UNDECLARED_SELECTOR = YES;
				GCC_WARN_UNINITIALIZED_AUTOS = YES_AGGRESSIVE;
				GCC_WARN_UNUSED_FUNCTION = YES;
				GCC_WARN_UNUSED_VARIABLE = YES;
				IPHONEOS_DEPLOYMENT_TARGET = 12.1;
				MTL_ENABLE_DEBUG_INFO = NO;
				MTL_FAST_MATH = YES;
				SDKROOT = iphoneos;
				SWIFT_COMPILATION_MODE = wholemodule;
				SWIFT_OPTIMIZATION_LEVEL = "-O";
				VALIDATE_PRODUCT = YES;
			};
			name = Release;
		};
		F8F12643219CC895006D63EE /* Debug */ = {
			isa = XCBuildConfiguration;
			buildSettings = {
				ASSETCATALOG_COMPILER_APPICON_NAME = AppIcon;
				CODE_SIGN_STYLE = Automatic;
				DEVELOPMENT_TEAM = 6Y6994DAGM;
				INFOPLIST_FILE = Detailed/Info.plist;
				LD_RUNPATH_SEARCH_PATHS = (
					"$(inherited)",
					"@executable_path/Frameworks",
				);
				PRODUCT_BUNDLE_IDENTIFIER = com.JaspalSuri.Detailed;
				PRODUCT_NAME = "$(TARGET_NAME)";
				SWIFT_VERSION = 4.2;
				TARGETED_DEVICE_FAMILY = "1,2";
			};
			name = Debug;
		};
		F8F12644219CC895006D63EE /* Release */ = {
			isa = XCBuildConfiguration;
			buildSettings = {
				ASSETCATALOG_COMPILER_APPICON_NAME = AppIcon;
				CODE_SIGN_STYLE = Automatic;
				DEVELOPMENT_TEAM = 6Y6994DAGM;
				INFOPLIST_FILE = Detailed/Info.plist;
				LD_RUNPATH_SEARCH_PATHS = (
					"$(inherited)",
					"@executable_path/Frameworks",
				);
				PRODUCT_BUNDLE_IDENTIFIER = com.JaspalSuri.Detailed;
				PRODUCT_NAME = "$(TARGET_NAME)";
				SWIFT_VERSION = 4.2;
				TARGETED_DEVICE_FAMILY = "1,2";
			};
			name = Release;
		};
/* End XCBuildConfiguration section */

/* Begin XCConfigurationList section */
		F8F1262B219CC894006D63EE /* Build configuration list for PBXProject "Detailed" */ = {
			isa = XCConfigurationList;
			buildConfigurations = (
				F8F12640219CC895006D63EE /* Debug */,
				F8F12641219CC895006D63EE /* Release */,
			);
			defaultConfigurationIsVisible = 0;
			defaultConfigurationName = Release;
		};
		F8F12642219CC895006D63EE /* Build configuration list for PBXNativeTarget "Detailed" */ = {
			isa = XCConfigurationList;
			buildConfigurations = (
				F8F12643219CC895006D63EE /* Debug */,
				F8F12644219CC895006D63EE /* Release */,
			);
			defaultConfigurationIsVisible = 0;
			defaultConfigurationName = Release;
		};
/* End XCConfigurationList section */
	};
	rootObject = F8F12628219CC894006D63EE /* Project object */;
}
