// !$*UTF8*$!
{
	archiveVersion = 1;
	classes = {
	};
	objectVersion = 50;
	objects = {

/* Begin PBXBuildFile section */
		840AE1D721B7218E00EA0280 /* AppDelegate.swift in Sources */ = {isa = PBXBuildFile; fileRef = 840AE1D621B7218E00EA0280 /* AppDelegate.swift */; };
		840AE1DC21B7218E00EA0280 /* Main.storyboard in Resources */ = {isa = PBXBuildFile; fileRef = 840AE1DA21B7218E00EA0280 /* Main.storyboard */; };
		840AE1DE21B7218F00EA0280 /* Assets.xcassets in Resources */ = {isa = PBXBuildFile; fileRef = 840AE1DD21B7218F00EA0280 /* Assets.xcassets */; };
		840AE1E121B7218F00EA0280 /* LaunchScreen.storyboard in Resources */ = {isa = PBXBuildFile; fileRef = 840AE1DF21B7218F00EA0280 /* LaunchScreen.storyboard */; };
		840AE1E921B7225700EA0280 /* TableViewController.swift in Sources */ = {isa = PBXBuildFile; fileRef = 840AE1E821B7225700EA0280 /* TableViewController.swift */; };
		840AE1EB21B7226600EA0280 /* TableViewCell.swift in Sources */ = {isa = PBXBuildFile; fileRef = 840AE1EA21B7226600EA0280 /* TableViewCell.swift */; };
		840AE1ED21B7228500EA0280 /* DetailViewController.swift in Sources */ = {isa = PBXBuildFile; fileRef = 840AE1EC21B7228500EA0280 /* DetailViewController.swift */; };
		840AE1EF21B722A600EA0280 /* Model.swift in Sources */ = {isa = PBXBuildFile; fileRef = 840AE1EE21B722A600EA0280 /* Model.swift */; };
/* End PBXBuildFile section */

/* Begin PBXFileReference section */
		840AE1D321B7218E00EA0280 /* 12.4 Detailed.app */ = {isa = PBXFileReference; explicitFileType = wrapper.application; includeInIndex = 0; path = "12.4 Detailed.app"; sourceTree = BUILT_PRODUCTS_DIR; };
		840AE1D621B7218E00EA0280 /* AppDelegate.swift */ = {isa = PBXFileReference; lastKnownFileType = sourcecode.swift; path = AppDelegate.swift; sourceTree = "<group>"; };
		840AE1DB21B7218E00EA0280 /* Base */ = {isa = PBXFileReference; lastKnownFileType = file.storyboard; name = Base; path = Base.lproj/Main.storyboard; sourceTree = "<group>"; };
		840AE1DD21B7218F00EA0280 /* Assets.xcassets */ = {isa = PBXFileReference; lastKnownFileType = folder.assetcatalog; path = Assets.xcassets; sourceTree = "<group>"; };
		840AE1E021B7218F00EA0280 /* Base */ = {isa = PBXFileReference; lastKnownFileType = file.storyboard; name = Base; path = Base.lproj/LaunchScreen.storyboard; sourceTree = "<group>"; };
		840AE1E221B7218F00EA0280 /* Info.plist */ = {isa = PBXFileReference; lastKnownFileType = text.plist.xml; path = Info.plist; sourceTree = "<group>"; };
		840AE1E821B7225700EA0280 /* TableViewController.swift */ = {isa = PBXFileReference; lastKnownFileType = sourcecode.swift; path = TableViewController.swift; sourceTree = "<group>"; };
		840AE1EA21B7226600EA0280 /* TableViewCell.swift */ = {isa = PBXFileReference; lastKnownFileType = sourcecode.swift; path = TableViewCell.swift; sourceTree = "<group>"; };
		840AE1EC21B7228500EA0280 /* DetailViewController.swift */ = {isa = PBXFileReference; lastKnownFileType = sourcecode.swift; path = DetailViewController.swift; sourceTree = "<group>"; };
		840AE1EE21B722A600EA0280 /* Model.swift */ = {isa = PBXFileReference; lastKnownFileType = sourcecode.swift; path = Model.swift; sourceTree = "<group>"; };
/* End PBXFileReference section */

/* Begin PBXFrameworksBuildPhase section */
		840AE1D021B7218E00EA0280 /* Frameworks */ = {
			isa = PBXFrameworksBuildPhase;
			buildActionMask = 2147483647;
			files = (
			);
			runOnlyForDeploymentPostprocessing = 0;
		};
/* End PBXFrameworksBuildPhase section */

/* Begin PBXGroup section */
		840AE1CA21B7218E00EA0280 = {
			isa = PBXGroup;
			children = (
				840AE1D521B7218E00EA0280 /* 12.4 Detailed */,
				840AE1D421B7218E00EA0280 /* Products */,
			);
			sourceTree = "<group>";
		};
		840AE1D421B7218E00EA0280 /* Products */ = {
			isa = PBXGroup;
			children = (
				840AE1D321B7218E00EA0280 /* 12.4 Detailed.app */,
			);
			name = Products;
			sourceTree = "<group>";
		};
		840AE1D521B7218E00EA0280 /* 12.4 Detailed */ = {
			isa = PBXGroup;
			children = (
				840AE1D621B7218E00EA0280 /* AppDelegate.swift */,
				840AE1DA21B7218E00EA0280 /* Main.storyboard */,
				840AE1DD21B7218F00EA0280 /* Assets.xcassets */,
				840AE1E821B7225700EA0280 /* TableViewController.swift */,
				840AE1EE21B722A600EA0280 /* Model.swift */,
				840AE1EA21B7226600EA0280 /* TableViewCell.swift */,
				840AE1EC21B7228500EA0280 /* DetailViewController.swift */,
				840AE1DF21B7218F00EA0280 /* LaunchScreen.storyboard */,
				840AE1E221B7218F00EA0280 /* Info.plist */,
			);
			path = "12.4 Detailed";
			sourceTree = "<group>";
		};
/* End PBXGroup section */

/* Begin PBXNativeTarget section */
		840AE1D221B7218E00EA0280 /* 12.4 Detailed */ = {
			isa = PBXNativeTarget;
			buildConfigurationList = 840AE1E521B7218F00EA0280 /* Build configuration list for PBXNativeTarget "12.4 Detailed" */;
			buildPhases = (
				840AE1CF21B7218E00EA0280 /* Sources */,
				840AE1D021B7218E00EA0280 /* Frameworks */,
				840AE1D121B7218E00EA0280 /* Resources */,
			);
			buildRules = (
			);
			dependencies = (
			);
			name = "12.4 Detailed";
			productName = "12.4 Detailed";
			productReference = 840AE1D321B7218E00EA0280 /* 12.4 Detailed.app */;
			productType = "com.apple.product-type.application";
		};
/* End PBXNativeTarget section */

/* Begin PBXProject section */
		840AE1CB21B7218E00EA0280 /* Project object */ = {
			isa = PBXProject;
			attributes = {
				LastSwiftUpdateCheck = 1010;
				LastUpgradeCheck = 1010;
				ORGANIZATIONNAME = Lambda_School_Loaner_18;
				TargetAttributes = {
					840AE1D221B7218E00EA0280 = {
						CreatedOnToolsVersion = 10.1;
					};
				};
			};
			buildConfigurationList = 840AE1CE21B7218E00EA0280 /* Build configuration list for PBXProject "12.4 Detailed" */;
			compatibilityVersion = "Xcode 9.3";
			developmentRegion = en;
			hasScannedForEncodings = 0;
			knownRegions = (
				en,
				Base,
			);
			mainGroup = 840AE1CA21B7218E00EA0280;
			productRefGroup = 840AE1D421B7218E00EA0280 /* Products */;
			projectDirPath = "";
			projectRoot = "";
			targets = (
				840AE1D221B7218E00EA0280 /* 12.4 Detailed */,
			);
		};
/* End PBXProject section */

/* Begin PBXResourcesBuildPhase section */
		840AE1D121B7218E00EA0280 /* Resources */ = {
			isa = PBXResourcesBuildPhase;
			buildActionMask = 2147483647;
			files = (
				840AE1E121B7218F00EA0280 /* LaunchScreen.storyboard in Resources */,
				840AE1DE21B7218F00EA0280 /* Assets.xcassets in Resources */,
				840AE1DC21B7218E00EA0280 /* Main.storyboard in Resources */,
			);
			runOnlyForDeploymentPostprocessing = 0;
		};
/* End PBXResourcesBuildPhase section */

/* Begin PBXSourcesBuildPhase section */
		840AE1CF21B7218E00EA0280 /* Sources */ = {
			isa = PBXSourcesBuildPhase;
			buildActionMask = 2147483647;
			files = (
				840AE1EF21B722A600EA0280 /* Model.swift in Sources */,
				840AE1EB21B7226600EA0280 /* TableViewCell.swift in Sources */,
				840AE1D721B7218E00EA0280 /* AppDelegate.swift in Sources */,
				840AE1E921B7225700EA0280 /* TableViewController.swift in Sources */,
				840AE1ED21B7228500EA0280 /* DetailViewController.swift in Sources */,
			);
			runOnlyForDeploymentPostprocessing = 0;
		};
/* End PBXSourcesBuildPhase section */

/* Begin PBXVariantGroup section */
		840AE1DA21B7218E00EA0280 /* Main.storyboard */ = {
			isa = PBXVariantGroup;
			children = (
				840AE1DB21B7218E00EA0280 /* Base */,
			);
			name = Main.storyboard;
			sourceTree = "<group>";
		};
		840AE1DF21B7218F00EA0280 /* LaunchScreen.storyboard */ = {
			isa = PBXVariantGroup;
			children = (
				840AE1E021B7218F00EA0280 /* Base */,
			);
			name = LaunchScreen.storyboard;
			sourceTree = "<group>";
		};
/* End PBXVariantGroup section */

/* Begin XCBuildConfiguration section */
		840AE1E321B7218F00EA0280 /* Debug */ = {
			isa = XCBuildConfiguration;
			buildSettings = {
				ALWAYS_SEARCH_USER_PATHS = NO;
				CLANG_ANALYZER_NONNULL = YES;
				CLANG_ANALYZER_NUMBER_OBJECT_CONVERSION = YES_AGGRESSIVE;
				CLANG_CXX_LANGUAGE_STANDARD = "gnu++14";
				CLANG_CXX_LIBRARY = "libc++";
				CLANG_ENABLE_MODULES = YES;
				CLANG_ENABLE_OBJC_ARC = YES;
				CLANG_ENABLE_OBJC_WEAK = YES;
				CLANG_WARN_BLOCK_CAPTURE_AUTORELEASING = YES;
				CLANG_WARN_BOOL_CONVERSION = YES;
				CLANG_WARN_COMMA = YES;
				CLANG_WARN_CONSTANT_CONVERSION = YES;
				CLANG_WARN_DEPRECATED_OBJC_IMPLEMENTATIONS = YES;
				CLANG_WARN_DIRECT_OBJC_ISA_USAGE = YES_ERROR;
				CLANG_WARN_DOCUMENTATION_COMMENTS = YES;
				CLANG_WARN_EMPTY_BODY = YES;
				CLANG_WARN_ENUM_CONVERSION = YES;
				CLANG_WARN_INFINITE_RECURSION = YES;
				CLANG_WARN_INT_CONVERSION = YES;
				CLANG_WARN_NON_LITERAL_NULL_CONVERSION = YES;
				CLANG_WARN_OBJC_IMPLICIT_RETAIN_SELF = YES;
				CLANG_WARN_OBJC_LITERAL_CONVERSION = YES;
				CLANG_WARN_OBJC_ROOT_CLASS = YES_ERROR;
				CLANG_WARN_RANGE_LOOP_ANALYSIS = YES;
				CLANG_WARN_STRICT_PROTOTYPES = YES;
				CLANG_WARN_SUSPICIOUS_MOVE = YES;
				CLANG_WARN_UNGUARDED_AVAILABILITY = YES_AGGRESSIVE;
				CLANG_WARN_UNREACHABLE_CODE = YES;
				CLANG_WARN__DUPLICATE_METHOD_MATCH = YES;
				CODE_SIGN_IDENTITY = "iPhone Developer";
				COPY_PHASE_STRIP = NO;
				DEBUG_INFORMATION_FORMAT = dwarf;
				ENABLE_STRICT_OBJC_MSGSEND = YES;
				ENABLE_TESTABILITY = YES;
				GCC_C_LANGUAGE_STANDARD = gnu11;
				GCC_DYNAMIC_NO_PIC = NO;
				GCC_NO_COMMON_BLOCKS = YES;
				GCC_OPTIMIZATION_LEVEL = 0;
				GCC_PREPROCESSOR_DEFINITIONS = (
					"DEBUG=1",
					"$(inherited)",
				);
				GCC_WARN_64_TO_32_BIT_CONVERSION = YES;
				GCC_WARN_ABOUT_RETURN_TYPE = YES_ERROR;
				GCC_WARN_UNDECLARED_SELECTOR = YES;
				GCC_WARN_UNINITIALIZED_AUTOS = YES_AGGRESSIVE;
				GCC_WARN_UNUSED_FUNCTION = YES;
				GCC_WARN_UNUSED_VARIABLE = YES;
				IPHONEOS_DEPLOYMENT_TARGET = 12.1;
				MTL_ENABLE_DEBUG_INFO = INCLUDE_SOURCE;
				MTL_FAST_MATH = YES;
				ONLY_ACTIVE_ARCH = YES;
				SDKROOT = iphoneos;
				SWIFT_ACTIVE_COMPILATION_CONDITIONS = DEBUG;
				SWIFT_OPTIMIZATION_LEVEL = "-Onone";
			};
			name = Debug;
		};
		840AE1E421B7218F00EA0280 /* Release */ = {
			isa = XCBuildConfiguration;
			buildSettings = {
				ALWAYS_SEARCH_USER_PATHS = NO;
				CLANG_ANALYZER_NONNULL = YES;
				CLANG_ANALYZER_NUMBER_OBJECT_CONVERSION = YES_AGGRESSIVE;
				CLANG_CXX_LANGUAGE_STANDARD = "gnu++14";
				CLANG_CXX_LIBRARY = "libc++";
				CLANG_ENABLE_MODULES = YES;
				CLANG_ENABLE_OBJC_ARC = YES;
				CLANG_ENABLE_OBJC_WEAK = YES;
				CLANG_WARN_BLOCK_CAPTURE_AUTORELEASING = YES;
				CLANG_WARN_BOOL_CONVERSION = YES;
				CLANG_WARN_COMMA = YES;
				CLANG_WARN_CONSTANT_CONVERSION = YES;
				CLANG_WARN_DEPRECATED_OBJC_IMPLEMENTATIONS = YES;
				CLANG_WARN_DIRECT_OBJC_ISA_USAGE = YES_ERROR;
				CLANG_WARN_DOCUMENTATION_COMMENTS = YES;
				CLANG_WARN_EMPTY_BODY = YES;
				CLANG_WARN_ENUM_CONVERSION = YES;
				CLANG_WARN_INFINITE_RECURSION = YES;
				CLANG_WARN_INT_CONVERSION = YES;
				CLANG_WARN_NON_LITERAL_NULL_CONVERSION = YES;
				CLANG_WARN_OBJC_IMPLICIT_RETAIN_SELF = YES;
				CLANG_WARN_OBJC_LITERAL_CONVERSION = YES;
				CLANG_WARN_OBJC_ROOT_CLASS = YES_ERROR;
				CLANG_WARN_RANGE_LOOP_ANALYSIS = YES;
				CLANG_WARN_STRICT_PROTOTYPES = YES;
				CLANG_WARN_SUSPICIOUS_MOVE = YES;
				CLANG_WARN_UNGUARDED_AVAILABILITY = YES_AGGRESSIVE;
				CLANG_WARN_UNREACHABLE_CODE = YES;
				CLANG_WARN__DUPLICATE_METHOD_MATCH = YES;
				CODE_SIGN_IDENTITY = "iPhone Developer";
				COPY_PHASE_STRIP = NO;
				DEBUG_INFORMATION_FORMAT = "dwarf-with-dsym";
				ENABLE_NS_ASSERTIONS = NO;
				ENABLE_STRICT_OBJC_MSGSEND = YES;
				GCC_C_LANGUAGE_STANDARD = gnu11;
				GCC_NO_COMMON_BLOCKS = YES;
				GCC_WARN_64_TO_32_BIT_CONVERSION = YES;
				GCC_WARN_ABOUT_RETURN_TYPE = YES_ERROR;
				GCC_WARN_UNDECLARED_SELECTOR = YES;
				GCC_WARN_UNINITIALIZED_AUTOS = YES_AGGRESSIVE;
				GCC_WARN_UNUSED_FUNCTION = YES;
				GCC_WARN_UNUSED_VARIABLE = YES;
				IPHONEOS_DEPLOYMENT_TARGET = 12.1;
				MTL_ENABLE_DEBUG_INFO = NO;
				MTL_FAST_MATH = YES;
				SDKROOT = iphoneos;
				SWIFT_COMPILATION_MODE = wholemodule;
				SWIFT_OPTIMIZATION_LEVEL = "-O";
				VALIDATE_PRODUCT = YES;
			};
			name = Release;
		};
		840AE1E621B7218F00EA0280 /* Debug */ = {
			isa = XCBuildConfiguration;
			buildSettings = {
				ASSETCATALOG_COMPILER_APPICON_NAME = AppIcon;
				CODE_SIGN_STYLE = Automatic;
				DEVELOPMENT_TEAM = 4L7P3ZX586;
				INFOPLIST_FILE = "12.4 Detailed/Info.plist";
				LD_RUNPATH_SEARCH_PATHS = (
					"$(inherited)",
					"@executable_path/Frameworks",
				);
				PRODUCT_BUNDLE_IDENTIFIER = "com.lambdaschoolsd.-2-4-Detailed";
				PRODUCT_NAME = "$(TARGET_NAME)";
				SWIFT_VERSION = 4.2;
				TARGETED_DEVICE_FAMILY = "1,2";
			};
			name = Debug;
		};
		840AE1E721B7218F00EA0280 /* Release */ = {
			isa = XCBuildConfiguration;
			buildSettings = {
				ASSETCATALOG_COMPILER_APPICON_NAME = AppIcon;
				CODE_SIGN_STYLE = Automatic;
				DEVELOPMENT_TEAM = 4L7P3ZX586;
				INFOPLIST_FILE = "12.4 Detailed/Info.plist";
				LD_RUNPATH_SEARCH_PATHS = (
					"$(inherited)",
					"@executable_path/Frameworks",
				);
				PRODUCT_BUNDLE_IDENTIFIER = "com.lambdaschoolsd.-2-4-Detailed";
				PRODUCT_NAME = "$(TARGET_NAME)";
				SWIFT_VERSION = 4.2;
				TARGETED_DEVICE_FAMILY = "1,2";
			};
			name = Release;
		};
/* End XCBuildConfiguration section */

/* Begin XCConfigurationList section */
		840AE1CE21B7218E00EA0280 /* Build configuration list for PBXProject "12.4 Detailed" */ = {
			isa = XCConfigurationList;
			buildConfigurations = (
				840AE1E321B7218F00EA0280 /* Debug */,
				840AE1E421B7218F00EA0280 /* Release */,
			);
			defaultConfigurationIsVisible = 0;
			defaultConfigurationName = Release;
		};
		840AE1E521B7218F00EA0280 /* Build configuration list for PBXNativeTarget "12.4 Detailed" */ = {
			isa = XCConfigurationList;
			buildConfigurations = (
				840AE1E621B7218F00EA0280 /* Debug */,
				840AE1E721B7218F00EA0280 /* Release */,
			);
			defaultConfigurationIsVisible = 0;
			defaultConfigurationName = Release;
		};
/* End XCConfigurationList section */
	};
	rootObject = 840AE1CB21B7218E00EA0280 /* Project object */;
}
