// !$*UTF8*$!
{
	archiveVersion = 1;
	classes = {
	};
	objectVersion = 50;
	objects = {

/* Begin PBXBuildFile section */
		F30B763521ADF5AF00E33634 /* AppDelegate.swift in Sources */ = {isa = PBXBuildFile; fileRef = F30B763421ADF5AF00E33634 /* AppDelegate.swift */; };
		F30B763A21ADF5AF00E33634 /* Main.storyboard in Resources */ = {isa = PBXBuildFile; fileRef = F30B763821ADF5AF00E33634 /* Main.storyboard */; };
		F30B763C21ADF5B000E33634 /* Assets.xcassets in Resources */ = {isa = PBXBuildFile; fileRef = F30B763B21ADF5B000E33634 /* Assets.xcassets */; };
		F30B763F21ADF5B000E33634 /* LaunchScreen.storyboard in Resources */ = {isa = PBXBuildFile; fileRef = F30B763D21ADF5B000E33634 /* LaunchScreen.storyboard */; };
		F30B764721ADF83400E33634 /* TableViewController.swift in Sources */ = {isa = PBXBuildFile; fileRef = F30B764621ADF83400E33634 /* TableViewController.swift */; };
		F30B764921ADF83E00E33634 /* TableViewCell.swift in Sources */ = {isa = PBXBuildFile; fileRef = F30B764821ADF83E00E33634 /* TableViewCell.swift */; };
		F30B764B21ADF85100E33634 /* DetailViewController.swift in Sources */ = {isa = PBXBuildFile; fileRef = F30B764A21ADF85100E33634 /* DetailViewController.swift */; };
		F30B764D21ADF98F00E33634 /* Model.swift in Sources */ = {isa = PBXBuildFile; fileRef = F30B764C21ADF98F00E33634 /* Model.swift */; };
/* End PBXBuildFile section */

/* Begin PBXFileReference section */
		F30B763121ADF5AF00E33634 /* Detailed Week 2 Project.app */ = {isa = PBXFileReference; explicitFileType = wrapper.application; includeInIndex = 0; path = "Detailed Week 2 Project.app"; sourceTree = BUILT_PRODUCTS_DIR; };
		F30B763421ADF5AF00E33634 /* AppDelegate.swift */ = {isa = PBXFileReference; lastKnownFileType = sourcecode.swift; path = AppDelegate.swift; sourceTree = "<group>"; };
		F30B763921ADF5AF00E33634 /* Base */ = {isa = PBXFileReference; lastKnownFileType = file.storyboard; name = Base; path = Base.lproj/Main.storyboard; sourceTree = "<group>"; };
		F30B763B21ADF5B000E33634 /* Assets.xcassets */ = {isa = PBXFileReference; lastKnownFileType = folder.assetcatalog; path = Assets.xcassets; sourceTree = "<group>"; };
		F30B763E21ADF5B000E33634 /* Base */ = {isa = PBXFileReference; lastKnownFileType = file.storyboard; name = Base; path = Base.lproj/LaunchScreen.storyboard; sourceTree = "<group>"; };
		F30B764021ADF5B000E33634 /* Info.plist */ = {isa = PBXFileReference; lastKnownFileType = text.plist.xml; path = Info.plist; sourceTree = "<group>"; };
		F30B764621ADF83400E33634 /* TableViewController.swift */ = {isa = PBXFileReference; lastKnownFileType = sourcecode.swift; path = TableViewController.swift; sourceTree = "<group>"; };
		F30B764821ADF83E00E33634 /* TableViewCell.swift */ = {isa = PBXFileReference; lastKnownFileType = sourcecode.swift; path = TableViewCell.swift; sourceTree = "<group>"; };
		F30B764A21ADF85100E33634 /* DetailViewController.swift */ = {isa = PBXFileReference; lastKnownFileType = sourcecode.swift; path = DetailViewController.swift; sourceTree = "<group>"; };
		F30B764C21ADF98F00E33634 /* Model.swift */ = {isa = PBXFileReference; lastKnownFileType = sourcecode.swift; path = Model.swift; sourceTree = "<group>"; };
/* End PBXFileReference section */

/* Begin PBXFrameworksBuildPhase section */
		F30B762E21ADF5AF00E33634 /* Frameworks */ = {
			isa = PBXFrameworksBuildPhase;
			buildActionMask = 2147483647;
			files = (
			);
			runOnlyForDeploymentPostprocessing = 0;
		};
/* End PBXFrameworksBuildPhase section */

/* Begin PBXGroup section */
		F30B762821ADF5AF00E33634 = {
			isa = PBXGroup;
			children = (
				F30B763321ADF5AF00E33634 /* Detailed Week 2 Project */,
				F30B763221ADF5AF00E33634 /* Products */,
			);
			sourceTree = "<group>";
		};
		F30B763221ADF5AF00E33634 /* Products */ = {
			isa = PBXGroup;
			children = (
				F30B763121ADF5AF00E33634 /* Detailed Week 2 Project.app */,
			);
			name = Products;
			sourceTree = "<group>";
		};
		F30B763321ADF5AF00E33634 /* Detailed Week 2 Project */ = {
			isa = PBXGroup;
			children = (
				F30B763421ADF5AF00E33634 /* AppDelegate.swift */,
				F30B763821ADF5AF00E33634 /* Main.storyboard */,
				F30B764621ADF83400E33634 /* TableViewController.swift */,
				F30B764821ADF83E00E33634 /* TableViewCell.swift */,
				F30B764C21ADF98F00E33634 /* Model.swift */,
				F30B764A21ADF85100E33634 /* DetailViewController.swift */,
				F30B763B21ADF5B000E33634 /* Assets.xcassets */,
				F30B763D21ADF5B000E33634 /* LaunchScreen.storyboard */,
				F30B764021ADF5B000E33634 /* Info.plist */,
			);
			path = "Detailed Week 2 Project";
			sourceTree = "<group>";
		};
/* End PBXGroup section */

/* Begin PBXNativeTarget section */
		F30B763021ADF5AF00E33634 /* Detailed Week 2 Project */ = {
			isa = PBXNativeTarget;
			buildConfigurationList = F30B764321ADF5B000E33634 /* Build configuration list for PBXNativeTarget "Detailed Week 2 Project" */;
			buildPhases = (
				F30B762D21ADF5AF00E33634 /* Sources */,
				F30B762E21ADF5AF00E33634 /* Frameworks */,
				F30B762F21ADF5AF00E33634 /* Resources */,
			);
			buildRules = (
			);
			dependencies = (
			);
			name = "Detailed Week 2 Project";
			productName = "Detailed Week 2 Project";
			productReference = F30B763121ADF5AF00E33634 /* Detailed Week 2 Project.app */;
			productType = "com.apple.product-type.application";
		};
/* End PBXNativeTarget section */

/* Begin PBXProject section */
		F30B762921ADF5AF00E33634 /* Project object */ = {
			isa = PBXProject;
			attributes = {
				LastSwiftUpdateCheck = 1010;
				LastUpgradeCheck = 1010;
				ORGANIZATIONNAME = "Meera Andersen";
				TargetAttributes = {
					F30B763021ADF5AF00E33634 = {
						CreatedOnToolsVersion = 10.1;
					};
				};
			};
			buildConfigurationList = F30B762C21ADF5AF00E33634 /* Build configuration list for PBXProject "Detailed Week 2 Project" */;
			compatibilityVersion = "Xcode 9.3";
			developmentRegion = en;
			hasScannedForEncodings = 0;
			knownRegions = (
				en,
				Base,
			);
			mainGroup = F30B762821ADF5AF00E33634;
			productRefGroup = F30B763221ADF5AF00E33634 /* Products */;
			projectDirPath = "";
			projectRoot = "";
			targets = (
				F30B763021ADF5AF00E33634 /* Detailed Week 2 Project */,
			);
		};
/* End PBXProject section */

/* Begin PBXResourcesBuildPhase section */
		F30B762F21ADF5AF00E33634 /* Resources */ = {
			isa = PBXResourcesBuildPhase;
			buildActionMask = 2147483647;
			files = (
				F30B763F21ADF5B000E33634 /* LaunchScreen.storyboard in Resources */,
				F30B763C21ADF5B000E33634 /* Assets.xcassets in Resources */,
				F30B763A21ADF5AF00E33634 /* Main.storyboard in Resources */,
			);
			runOnlyForDeploymentPostprocessing = 0;
		};
/* End PBXResourcesBuildPhase section */

/* Begin PBXSourcesBuildPhase section */
		F30B762D21ADF5AF00E33634 /* Sources */ = {
			isa = PBXSourcesBuildPhase;
			buildActionMask = 2147483647;
			files = (
				F30B764D21ADF98F00E33634 /* Model.swift in Sources */,
				F30B764921ADF83E00E33634 /* TableViewCell.swift in Sources */,
				F30B763521ADF5AF00E33634 /* AppDelegate.swift in Sources */,
				F30B764721ADF83400E33634 /* TableViewController.swift in Sources */,
				F30B764B21ADF85100E33634 /* DetailViewController.swift in Sources */,
			);
			runOnlyForDeploymentPostprocessing = 0;
		};
/* End PBXSourcesBuildPhase section */

/* Begin PBXVariantGroup section */
		F30B763821ADF5AF00E33634 /* Main.storyboard */ = {
			isa = PBXVariantGroup;
			children = (
				F30B763921ADF5AF00E33634 /* Base */,
			);
			name = Main.storyboard;
			sourceTree = "<group>";
		};
		F30B763D21ADF5B000E33634 /* LaunchScreen.storyboard */ = {
			isa = PBXVariantGroup;
			children = (
				F30B763E21ADF5B000E33634 /* Base */,
			);
			name = LaunchScreen.storyboard;
			sourceTree = "<group>";
		};
/* End PBXVariantGroup section */

/* Begin XCBuildConfiguration section */
		F30B764121ADF5B000E33634 /* Debug */ = {
			isa = XCBuildConfiguration;
			buildSettings = {
				ALWAYS_SEARCH_USER_PATHS = NO;
				CLANG_ANALYZER_NONNULL = YES;
				CLANG_ANALYZER_NUMBER_OBJECT_CONVERSION = YES_AGGRESSIVE;
				CLANG_CXX_LANGUAGE_STANDARD = "gnu++14";
				CLANG_CXX_LIBRARY = "libc++";
				CLANG_ENABLE_MODULES = YES;
				CLANG_ENABLE_OBJC_ARC = YES;
				CLANG_ENABLE_OBJC_WEAK = YES;
				CLANG_WARN_BLOCK_CAPTURE_AUTORELEASING = YES;
				CLANG_WARN_BOOL_CONVERSION = YES;
				CLANG_WARN_COMMA = YES;
				CLANG_WARN_CONSTANT_CONVERSION = YES;
				CLANG_WARN_DEPRECATED_OBJC_IMPLEMENTATIONS = YES;
				CLANG_WARN_DIRECT_OBJC_ISA_USAGE = YES_ERROR;
				CLANG_WARN_DOCUMENTATION_COMMENTS = YES;
				CLANG_WARN_EMPTY_BODY = YES;
				CLANG_WARN_ENUM_CONVERSION = YES;
				CLANG_WARN_INFINITE_RECURSION = YES;
				CLANG_WARN_INT_CONVERSION = YES;
				CLANG_WARN_NON_LITERAL_NULL_CONVERSION = YES;
				CLANG_WARN_OBJC_IMPLICIT_RETAIN_SELF = YES;
				CLANG_WARN_OBJC_LITERAL_CONVERSION = YES;
				CLANG_WARN_OBJC_ROOT_CLASS = YES_ERROR;
				CLANG_WARN_RANGE_LOOP_ANALYSIS = YES;
				CLANG_WARN_STRICT_PROTOTYPES = YES;
				CLANG_WARN_SUSPICIOUS_MOVE = YES;
				CLANG_WARN_UNGUARDED_AVAILABILITY = YES_AGGRESSIVE;
				CLANG_WARN_UNREACHABLE_CODE = YES;
				CLANG_WARN__DUPLICATE_METHOD_MATCH = YES;
				CODE_SIGN_IDENTITY = "iPhone Developer";
				COPY_PHASE_STRIP = NO;
				DEBUG_INFORMATION_FORMAT = dwarf;
				ENABLE_STRICT_OBJC_MSGSEND = YES;
				ENABLE_TESTABILITY = YES;
				GCC_C_LANGUAGE_STANDARD = gnu11;
				GCC_DYNAMIC_NO_PIC = NO;
				GCC_NO_COMMON_BLOCKS = YES;
				GCC_OPTIMIZATION_LEVEL = 0;
				GCC_PREPROCESSOR_DEFINITIONS = (
					"DEBUG=1",
					"$(inherited)",
				);
				GCC_WARN_64_TO_32_BIT_CONVERSION = YES;
				GCC_WARN_ABOUT_RETURN_TYPE = YES_ERROR;
				GCC_WARN_UNDECLARED_SELECTOR = YES;
				GCC_WARN_UNINITIALIZED_AUTOS = YES_AGGRESSIVE;
				GCC_WARN_UNUSED_FUNCTION = YES;
				GCC_WARN_UNUSED_VARIABLE = YES;
				IPHONEOS_DEPLOYMENT_TARGET = 12.1;
				MTL_ENABLE_DEBUG_INFO = INCLUDE_SOURCE;
				MTL_FAST_MATH = YES;
				ONLY_ACTIVE_ARCH = YES;
				SDKROOT = iphoneos;
				SWIFT_ACTIVE_COMPILATION_CONDITIONS = DEBUG;
				SWIFT_OPTIMIZATION_LEVEL = "-Onone";
			};
			name = Debug;
		};
		F30B764221ADF5B000E33634 /* Release */ = {
			isa = XCBuildConfiguration;
			buildSettings = {
				ALWAYS_SEARCH_USER_PATHS = NO;
				CLANG_ANALYZER_NONNULL = YES;
				CLANG_ANALYZER_NUMBER_OBJECT_CONVERSION = YES_AGGRESSIVE;
				CLANG_CXX_LANGUAGE_STANDARD = "gnu++14";
				CLANG_CXX_LIBRARY = "libc++";
				CLANG_ENABLE_MODULES = YES;
				CLANG_ENABLE_OBJC_ARC = YES;
				CLANG_ENABLE_OBJC_WEAK = YES;
				CLANG_WARN_BLOCK_CAPTURE_AUTORELEASING = YES;
				CLANG_WARN_BOOL_CONVERSION = YES;
				CLANG_WARN_COMMA = YES;
				CLANG_WARN_CONSTANT_CONVERSION = YES;
				CLANG_WARN_DEPRECATED_OBJC_IMPLEMENTATIONS = YES;
				CLANG_WARN_DIRECT_OBJC_ISA_USAGE = YES_ERROR;
				CLANG_WARN_DOCUMENTATION_COMMENTS = YES;
				CLANG_WARN_EMPTY_BODY = YES;
				CLANG_WARN_ENUM_CONVERSION = YES;
				CLANG_WARN_INFINITE_RECURSION = YES;
				CLANG_WARN_INT_CONVERSION = YES;
				CLANG_WARN_NON_LITERAL_NULL_CONVERSION = YES;
				CLANG_WARN_OBJC_IMPLICIT_RETAIN_SELF = YES;
				CLANG_WARN_OBJC_LITERAL_CONVERSION = YES;
				CLANG_WARN_OBJC_ROOT_CLASS = YES_ERROR;
				CLANG_WARN_RANGE_LOOP_ANALYSIS = YES;
				CLANG_WARN_STRICT_PROTOTYPES = YES;
				CLANG_WARN_SUSPICIOUS_MOVE = YES;
				CLANG_WARN_UNGUARDED_AVAILABILITY = YES_AGGRESSIVE;
				CLANG_WARN_UNREACHABLE_CODE = YES;
				CLANG_WARN__DUPLICATE_METHOD_MATCH = YES;
				CODE_SIGN_IDENTITY = "iPhone Developer";
				COPY_PHASE_STRIP = NO;
				DEBUG_INFORMATION_FORMAT = "dwarf-with-dsym";
				ENABLE_NS_ASSERTIONS = NO;
				ENABLE_STRICT_OBJC_MSGSEND = YES;
				GCC_C_LANGUAGE_STANDARD = gnu11;
				GCC_NO_COMMON_BLOCKS = YES;
				GCC_WARN_64_TO_32_BIT_CONVERSION = YES;
				GCC_WARN_ABOUT_RETURN_TYPE = YES_ERROR;
				GCC_WARN_UNDECLARED_SELECTOR = YES;
				GCC_WARN_UNINITIALIZED_AUTOS = YES_AGGRESSIVE;
				GCC_WARN_UNUSED_FUNCTION = YES;
				GCC_WARN_UNUSED_VARIABLE = YES;
				IPHONEOS_DEPLOYMENT_TARGET = 12.1;
				MTL_ENABLE_DEBUG_INFO = NO;
				MTL_FAST_MATH = YES;
				SDKROOT = iphoneos;
				SWIFT_COMPILATION_MODE = wholemodule;
				SWIFT_OPTIMIZATION_LEVEL = "-O";
				VALIDATE_PRODUCT = YES;
			};
			name = Release;
		};
		F30B764421ADF5B000E33634 /* Debug */ = {
			isa = XCBuildConfiguration;
			buildSettings = {
				ASSETCATALOG_COMPILER_APPICON_NAME = AppIcon;
				CODE_SIGN_STYLE = Automatic;
				INFOPLIST_FILE = "Detailed Week 2 Project/Info.plist";
				LD_RUNPATH_SEARCH_PATHS = (
					"$(inherited)",
					"@executable_path/Frameworks",
				);
				PRODUCT_BUNDLE_IDENTIFIER = "com.meeraandersen.Detailed-Week-2-Project";
				PRODUCT_NAME = "$(TARGET_NAME)";
				SWIFT_VERSION = 4.2;
				TARGETED_DEVICE_FAMILY = "1,2";
			};
			name = Debug;
		};
		F30B764521ADF5B000E33634 /* Release */ = {
			isa = XCBuildConfiguration;
			buildSettings = {
				ASSETCATALOG_COMPILER_APPICON_NAME = AppIcon;
				CODE_SIGN_STYLE = Automatic;
				INFOPLIST_FILE = "Detailed Week 2 Project/Info.plist";
				LD_RUNPATH_SEARCH_PATHS = (
					"$(inherited)",
					"@executable_path/Frameworks",
				);
				PRODUCT_BUNDLE_IDENTIFIER = "com.meeraandersen.Detailed-Week-2-Project";
				PRODUCT_NAME = "$(TARGET_NAME)";
				SWIFT_VERSION = 4.2;
				TARGETED_DEVICE_FAMILY = "1,2";
			};
			name = Release;
		};
/* End XCBuildConfiguration section */

/* Begin XCConfigurationList section */
		F30B762C21ADF5AF00E33634 /* Build configuration list for PBXProject "Detailed Week 2 Project" */ = {
			isa = XCConfigurationList;
			buildConfigurations = (
				F30B764121ADF5B000E33634 /* Debug */,
				F30B764221ADF5B000E33634 /* Release */,
			);
			defaultConfigurationIsVisible = 0;
			defaultConfigurationName = Release;
		};
		F30B764321ADF5B000E33634 /* Build configuration list for PBXNativeTarget "Detailed Week 2 Project" */ = {
			isa = XCConfigurationList;
			buildConfigurations = (
				F30B764421ADF5B000E33634 /* Debug */,
				F30B764521ADF5B000E33634 /* Release */,
			);
			defaultConfigurationIsVisible = 0;
			defaultConfigurationName = Release;
		};
/* End XCConfigurationList section */
	};
	rootObject = F30B762921ADF5AF00E33634 /* Project object */;
}
