// !$*UTF8*$!
{
	archiveVersion = 1;
	classes = {
	};
	objectVersion = 50;
	objects = {

/* Begin PBXBuildFile section */
		8465BD0F21ADFF12006074DC /* AppDelegate.swift in Sources */ = {isa = PBXBuildFile; fileRef = 8465BD0E21ADFF12006074DC /* AppDelegate.swift */; };
		8465BD1421ADFF12006074DC /* Main.storyboard in Resources */ = {isa = PBXBuildFile; fileRef = 8465BD1221ADFF12006074DC /* Main.storyboard */; };
		8465BD1621ADFF13006074DC /* Assets.xcassets in Resources */ = {isa = PBXBuildFile; fileRef = 8465BD1521ADFF13006074DC /* Assets.xcassets */; };
		8465BD1921ADFF13006074DC /* LaunchScreen.storyboard in Resources */ = {isa = PBXBuildFile; fileRef = 8465BD1721ADFF13006074DC /* LaunchScreen.storyboard */; };
		8465BD2121ADFFA4006074DC /* TableViewController.swift in Sources */ = {isa = PBXBuildFile; fileRef = 8465BD2021ADFFA4006074DC /* TableViewController.swift */; };
		8465BD2321ADFFB4006074DC /* TableViewCell.swift in Sources */ = {isa = PBXBuildFile; fileRef = 8465BD2221ADFFB4006074DC /* TableViewCell.swift */; };
		8465BD2521ADFFBF006074DC /* DetailViewController.swift in Sources */ = {isa = PBXBuildFile; fileRef = 8465BD2421ADFFBF006074DC /* DetailViewController.swift */; };
		8465BD2721AE00B7006074DC /* Model.swift in Sources */ = {isa = PBXBuildFile; fileRef = 8465BD2621AE00B7006074DC /* Model.swift */; };
/* End PBXBuildFile section */

/* Begin PBXFileReference section */
		8465BD0B21ADFF12006074DC /* Detailed Project.app */ = {isa = PBXFileReference; explicitFileType = wrapper.application; includeInIndex = 0; path = "Detailed Project.app"; sourceTree = BUILT_PRODUCTS_DIR; };
		8465BD0E21ADFF12006074DC /* AppDelegate.swift */ = {isa = PBXFileReference; lastKnownFileType = sourcecode.swift; path = AppDelegate.swift; sourceTree = "<group>"; };
		8465BD1321ADFF12006074DC /* Base */ = {isa = PBXFileReference; lastKnownFileType = file.storyboard; name = Base; path = Base.lproj/Main.storyboard; sourceTree = "<group>"; };
		8465BD1521ADFF13006074DC /* Assets.xcassets */ = {isa = PBXFileReference; lastKnownFileType = folder.assetcatalog; path = Assets.xcassets; sourceTree = "<group>"; };
		8465BD1821ADFF13006074DC /* Base */ = {isa = PBXFileReference; lastKnownFileType = file.storyboard; name = Base; path = Base.lproj/LaunchScreen.storyboard; sourceTree = "<group>"; };
		8465BD1A21ADFF13006074DC /* Info.plist */ = {isa = PBXFileReference; lastKnownFileType = text.plist.xml; path = Info.plist; sourceTree = "<group>"; };
		8465BD2021ADFFA4006074DC /* TableViewController.swift */ = {isa = PBXFileReference; lastKnownFileType = sourcecode.swift; path = TableViewController.swift; sourceTree = "<group>"; };
		8465BD2221ADFFB4006074DC /* TableViewCell.swift */ = {isa = PBXFileReference; lastKnownFileType = sourcecode.swift; path = TableViewCell.swift; sourceTree = "<group>"; };
		8465BD2421ADFFBF006074DC /* DetailViewController.swift */ = {isa = PBXFileReference; lastKnownFileType = sourcecode.swift; path = DetailViewController.swift; sourceTree = "<group>"; };
		8465BD2621AE00B7006074DC /* Model.swift */ = {isa = PBXFileReference; lastKnownFileType = sourcecode.swift; path = Model.swift; sourceTree = "<group>"; };
/* End PBXFileReference section */

/* Begin PBXFrameworksBuildPhase section */
		8465BD0821ADFF12006074DC /* Frameworks */ = {
			isa = PBXFrameworksBuildPhase;
			buildActionMask = 2147483647;
			files = (
			);
			runOnlyForDeploymentPostprocessing = 0;
		};
/* End PBXFrameworksBuildPhase section */

/* Begin PBXGroup section */
		8465BD0221ADFF12006074DC = {
			isa = PBXGroup;
			children = (
				8465BD0D21ADFF12006074DC /* Detailed Project */,
				8465BD0C21ADFF12006074DC /* Products */,
			);
			sourceTree = "<group>";
		};
		8465BD0C21ADFF12006074DC /* Products */ = {
			isa = PBXGroup;
			children = (
				8465BD0B21ADFF12006074DC /* Detailed Project.app */,
			);
			name = Products;
			sourceTree = "<group>";
		};
		8465BD0D21ADFF12006074DC /* Detailed Project */ = {
			isa = PBXGroup;
			children = (
				8465BD0E21ADFF12006074DC /* AppDelegate.swift */,
				8465BD2621AE00B7006074DC /* Model.swift */,
				8465BD2221ADFFB4006074DC /* TableViewCell.swift */,
				8465BD2021ADFFA4006074DC /* TableViewController.swift */,
				8465BD2421ADFFBF006074DC /* DetailViewController.swift */,
				8465BD1221ADFF12006074DC /* Main.storyboard */,
				8465BD1521ADFF13006074DC /* Assets.xcassets */,
				8465BD1721ADFF13006074DC /* LaunchScreen.storyboard */,
				8465BD1A21ADFF13006074DC /* Info.plist */,
			);
			path = "Detailed Project";
			sourceTree = "<group>";
		};
/* End PBXGroup section */

/* Begin PBXNativeTarget section */
		8465BD0A21ADFF12006074DC /* Detailed Project */ = {
			isa = PBXNativeTarget;
			buildConfigurationList = 8465BD1D21ADFF13006074DC /* Build configuration list for PBXNativeTarget "Detailed Project" */;
			buildPhases = (
				8465BD0721ADFF12006074DC /* Sources */,
				8465BD0821ADFF12006074DC /* Frameworks */,
				8465BD0921ADFF12006074DC /* Resources */,
			);
			buildRules = (
			);
			dependencies = (
			);
			name = "Detailed Project";
			productName = "Detailed Project";
			productReference = 8465BD0B21ADFF12006074DC /* Detailed Project.app */;
			productType = "com.apple.product-type.application";
		};
/* End PBXNativeTarget section */

/* Begin PBXProject section */
		8465BD0321ADFF12006074DC /* Project object */ = {
			isa = PBXProject;
			attributes = {
				LastSwiftUpdateCheck = 1010;
				LastUpgradeCheck = 1010;
				ORGANIZATIONNAME = "Audrey Welch";
				TargetAttributes = {
					8465BD0A21ADFF12006074DC = {
						CreatedOnToolsVersion = 10.1;
					};
				};
			};
			buildConfigurationList = 8465BD0621ADFF12006074DC /* Build configuration list for PBXProject "Detailed Project" */;
			compatibilityVersion = "Xcode 9.3";
			developmentRegion = en;
			hasScannedForEncodings = 0;
			knownRegions = (
				en,
				Base,
			);
			mainGroup = 8465BD0221ADFF12006074DC;
			productRefGroup = 8465BD0C21ADFF12006074DC /* Products */;
			projectDirPath = "";
			projectRoot = "";
			targets = (
				8465BD0A21ADFF12006074DC /* Detailed Project */,
			);
		};
/* End PBXProject section */

/* Begin PBXResourcesBuildPhase section */
		8465BD0921ADFF12006074DC /* Resources */ = {
			isa = PBXResourcesBuildPhase;
			buildActionMask = 2147483647;
			files = (
				8465BD1921ADFF13006074DC /* LaunchScreen.storyboard in Resources */,
				8465BD1621ADFF13006074DC /* Assets.xcassets in Resources */,
				8465BD1421ADFF12006074DC /* Main.storyboard in Resources */,
			);
			runOnlyForDeploymentPostprocessing = 0;
		};
/* End PBXResourcesBuildPhase section */

/* Begin PBXSourcesBuildPhase section */
		8465BD0721ADFF12006074DC /* Sources */ = {
			isa = PBXSourcesBuildPhase;
			buildActionMask = 2147483647;
			files = (
				8465BD2721AE00B7006074DC /* Model.swift in Sources */,
				8465BD2321ADFFB4006074DC /* TableViewCell.swift in Sources */,
				8465BD0F21ADFF12006074DC /* AppDelegate.swift in Sources */,
				8465BD2121ADFFA4006074DC /* TableViewController.swift in Sources */,
				8465BD2521ADFFBF006074DC /* DetailViewController.swift in Sources */,
			);
			runOnlyForDeploymentPostprocessing = 0;
		};
/* End PBXSourcesBuildPhase section */

/* Begin PBXVariantGroup section */
		8465BD1221ADFF12006074DC /* Main.storyboard */ = {
			isa = PBXVariantGroup;
			children = (
				8465BD1321ADFF12006074DC /* Base */,
			);
			name = Main.storyboard;
			sourceTree = "<group>";
		};
		8465BD1721ADFF13006074DC /* LaunchScreen.storyboard */ = {
			isa = PBXVariantGroup;
			children = (
				8465BD1821ADFF13006074DC /* Base */,
			);
			name = LaunchScreen.storyboard;
			sourceTree = "<group>";
		};
/* End PBXVariantGroup section */

/* Begin XCBuildConfiguration section */
		8465BD1B21ADFF13006074DC /* Debug */ = {
			isa = XCBuildConfiguration;
			buildSettings = {
				ALWAYS_SEARCH_USER_PATHS = NO;
				CLANG_ANALYZER_NONNULL = YES;
				CLANG_ANALYZER_NUMBER_OBJECT_CONVERSION = YES_AGGRESSIVE;
				CLANG_CXX_LANGUAGE_STANDARD = "gnu++14";
				CLANG_CXX_LIBRARY = "libc++";
				CLANG_ENABLE_MODULES = YES;
				CLANG_ENABLE_OBJC_ARC = YES;
				CLANG_ENABLE_OBJC_WEAK = YES;
				CLANG_WARN_BLOCK_CAPTURE_AUTORELEASING = YES;
				CLANG_WARN_BOOL_CONVERSION = YES;
				CLANG_WARN_COMMA = YES;
				CLANG_WARN_CONSTANT_CONVERSION = YES;
				CLANG_WARN_DEPRECATED_OBJC_IMPLEMENTATIONS = YES;
				CLANG_WARN_DIRECT_OBJC_ISA_USAGE = YES_ERROR;
				CLANG_WARN_DOCUMENTATION_COMMENTS = YES;
				CLANG_WARN_EMPTY_BODY = YES;
				CLANG_WARN_ENUM_CONVERSION = YES;
				CLANG_WARN_INFINITE_RECURSION = YES;
				CLANG_WARN_INT_CONVERSION = YES;
				CLANG_WARN_NON_LITERAL_NULL_CONVERSION = YES;
				CLANG_WARN_OBJC_IMPLICIT_RETAIN_SELF = YES;
				CLANG_WARN_OBJC_LITERAL_CONVERSION = YES;
				CLANG_WARN_OBJC_ROOT_CLASS = YES_ERROR;
				CLANG_WARN_RANGE_LOOP_ANALYSIS = YES;
				CLANG_WARN_STRICT_PROTOTYPES = YES;
				CLANG_WARN_SUSPICIOUS_MOVE = YES;
				CLANG_WARN_UNGUARDED_AVAILABILITY = YES_AGGRESSIVE;
				CLANG_WARN_UNREACHABLE_CODE = YES;
				CLANG_WARN__DUPLICATE_METHOD_MATCH = YES;
				CODE_SIGN_IDENTITY = "iPhone Developer";
				COPY_PHASE_STRIP = NO;
				DEBUG_INFORMATION_FORMAT = dwarf;
				ENABLE_STRICT_OBJC_MSGSEND = YES;
				ENABLE_TESTABILITY = YES;
				GCC_C_LANGUAGE_STANDARD = gnu11;
				GCC_DYNAMIC_NO_PIC = NO;
				GCC_NO_COMMON_BLOCKS = YES;
				GCC_OPTIMIZATION_LEVEL = 0;
				GCC_PREPROCESSOR_DEFINITIONS = (
					"DEBUG=1",
					"$(inherited)",
				);
				GCC_WARN_64_TO_32_BIT_CONVERSION = YES;
				GCC_WARN_ABOUT_RETURN_TYPE = YES_ERROR;
				GCC_WARN_UNDECLARED_SELECTOR = YES;
				GCC_WARN_UNINITIALIZED_AUTOS = YES_AGGRESSIVE;
				GCC_WARN_UNUSED_FUNCTION = YES;
				GCC_WARN_UNUSED_VARIABLE = YES;
				IPHONEOS_DEPLOYMENT_TARGET = 12.1;
				MTL_ENABLE_DEBUG_INFO = INCLUDE_SOURCE;
				MTL_FAST_MATH = YES;
				ONLY_ACTIVE_ARCH = YES;
				SDKROOT = iphoneos;
				SWIFT_ACTIVE_COMPILATION_CONDITIONS = DEBUG;
				SWIFT_OPTIMIZATION_LEVEL = "-Onone";
			};
			name = Debug;
		};
		8465BD1C21ADFF13006074DC /* Release */ = {
			isa = XCBuildConfiguration;
			buildSettings = {
				ALWAYS_SEARCH_USER_PATHS = NO;
				CLANG_ANALYZER_NONNULL = YES;
				CLANG_ANALYZER_NUMBER_OBJECT_CONVERSION = YES_AGGRESSIVE;
				CLANG_CXX_LANGUAGE_STANDARD = "gnu++14";
				CLANG_CXX_LIBRARY = "libc++";
				CLANG_ENABLE_MODULES = YES;
				CLANG_ENABLE_OBJC_ARC = YES;
				CLANG_ENABLE_OBJC_WEAK = YES;
				CLANG_WARN_BLOCK_CAPTURE_AUTORELEASING = YES;
				CLANG_WARN_BOOL_CONVERSION = YES;
				CLANG_WARN_COMMA = YES;
				CLANG_WARN_CONSTANT_CONVERSION = YES;
				CLANG_WARN_DEPRECATED_OBJC_IMPLEMENTATIONS = YES;
				CLANG_WARN_DIRECT_OBJC_ISA_USAGE = YES_ERROR;
				CLANG_WARN_DOCUMENTATION_COMMENTS = YES;
				CLANG_WARN_EMPTY_BODY = YES;
				CLANG_WARN_ENUM_CONVERSION = YES;
				CLANG_WARN_INFINITE_RECURSION = YES;
				CLANG_WARN_INT_CONVERSION = YES;
				CLANG_WARN_NON_LITERAL_NULL_CONVERSION = YES;
				CLANG_WARN_OBJC_IMPLICIT_RETAIN_SELF = YES;
				CLANG_WARN_OBJC_LITERAL_CONVERSION = YES;
				CLANG_WARN_OBJC_ROOT_CLASS = YES_ERROR;
				CLANG_WARN_RANGE_LOOP_ANALYSIS = YES;
				CLANG_WARN_STRICT_PROTOTYPES = YES;
				CLANG_WARN_SUSPICIOUS_MOVE = YES;
				CLANG_WARN_UNGUARDED_AVAILABILITY = YES_AGGRESSIVE;
				CLANG_WARN_UNREACHABLE_CODE = YES;
				CLANG_WARN__DUPLICATE_METHOD_MATCH = YES;
				CODE_SIGN_IDENTITY = "iPhone Developer";
				COPY_PHASE_STRIP = NO;
				DEBUG_INFORMATION_FORMAT = "dwarf-with-dsym";
				ENABLE_NS_ASSERTIONS = NO;
				ENABLE_STRICT_OBJC_MSGSEND = YES;
				GCC_C_LANGUAGE_STANDARD = gnu11;
				GCC_NO_COMMON_BLOCKS = YES;
				GCC_WARN_64_TO_32_BIT_CONVERSION = YES;
				GCC_WARN_ABOUT_RETURN_TYPE = YES_ERROR;
				GCC_WARN_UNDECLARED_SELECTOR = YES;
				GCC_WARN_UNINITIALIZED_AUTOS = YES_AGGRESSIVE;
				GCC_WARN_UNUSED_FUNCTION = YES;
				GCC_WARN_UNUSED_VARIABLE = YES;
				IPHONEOS_DEPLOYMENT_TARGET = 12.1;
				MTL_ENABLE_DEBUG_INFO = NO;
				MTL_FAST_MATH = YES;
				SDKROOT = iphoneos;
				SWIFT_COMPILATION_MODE = wholemodule;
				SWIFT_OPTIMIZATION_LEVEL = "-O";
				VALIDATE_PRODUCT = YES;
			};
			name = Release;
		};
		8465BD1E21ADFF13006074DC /* Debug */ = {
			isa = XCBuildConfiguration;
			buildSettings = {
				ASSETCATALOG_COMPILER_APPICON_NAME = AppIcon;
				CODE_SIGN_STYLE = Automatic;
				INFOPLIST_FILE = "Detailed Project/Info.plist";
				LD_RUNPATH_SEARCH_PATHS = (
					"$(inherited)",
					"@executable_path/Frameworks",
				);
				PRODUCT_BUNDLE_IDENTIFIER = "com.audreywelch.Detailed-Project";
				PRODUCT_NAME = "$(TARGET_NAME)";
				SWIFT_VERSION = 4.2;
				TARGETED_DEVICE_FAMILY = "1,2";
			};
			name = Debug;
		};
		8465BD1F21ADFF13006074DC /* Release */ = {
			isa = XCBuildConfiguration;
			buildSettings = {
				ASSETCATALOG_COMPILER_APPICON_NAME = AppIcon;
				CODE_SIGN_STYLE = Automatic;
				INFOPLIST_FILE = "Detailed Project/Info.plist";
				LD_RUNPATH_SEARCH_PATHS = (
					"$(inherited)",
					"@executable_path/Frameworks",
				);
				PRODUCT_BUNDLE_IDENTIFIER = "com.audreywelch.Detailed-Project";
				PRODUCT_NAME = "$(TARGET_NAME)";
				SWIFT_VERSION = 4.2;
				TARGETED_DEVICE_FAMILY = "1,2";
			};
			name = Release;
		};
/* End XCBuildConfiguration section */

/* Begin XCConfigurationList section */
		8465BD0621ADFF12006074DC /* Build configuration list for PBXProject "Detailed Project" */ = {
			isa = XCConfigurationList;
			buildConfigurations = (
				8465BD1B21ADFF13006074DC /* Debug */,
				8465BD1C21ADFF13006074DC /* Release */,
			);
			defaultConfigurationIsVisible = 0;
			defaultConfigurationName = Release;
		};
		8465BD1D21ADFF13006074DC /* Build configuration list for PBXNativeTarget "Detailed Project" */ = {
			isa = XCConfigurationList;
			buildConfigurations = (
				8465BD1E21ADFF13006074DC /* Debug */,
				8465BD1F21ADFF13006074DC /* Release */,
			);
			defaultConfigurationIsVisible = 0;
			defaultConfigurationName = Release;
		};
/* End XCConfigurationList section */
	};
	rootObject = 8465BD0321ADFF12006074DC /* Project object */;
}
