// !$*UTF8*$!
{
	archiveVersion = 1;
	classes = {
	};
	objectVersion = 50;
	objects = {

/* Begin PBXBuildFile section */
		17D1340E21ADFD9600CAC39A /* AppDelegate.swift in Sources */ = {isa = PBXBuildFile; fileRef = 17D1340D21ADFD9600CAC39A /* AppDelegate.swift */; };
		17D1341321ADFD9600CAC39A /* Main.storyboard in Resources */ = {isa = PBXBuildFile; fileRef = 17D1341121ADFD9600CAC39A /* Main.storyboard */; };
		17D1341521ADFD9700CAC39A /* Assets.xcassets in Resources */ = {isa = PBXBuildFile; fileRef = 17D1341421ADFD9700CAC39A /* Assets.xcassets */; };
		17D1341821ADFD9700CAC39A /* LaunchScreen.storyboard in Resources */ = {isa = PBXBuildFile; fileRef = 17D1341621ADFD9700CAC39A /* LaunchScreen.storyboard */; };
		17D1342021ADFE1000CAC39A /* TableViewController.swift in Sources */ = {isa = PBXBuildFile; fileRef = 17D1341F21ADFE1000CAC39A /* TableViewController.swift */; };
		17D1342221ADFE2100CAC39A /* TableViewCell.swift in Sources */ = {isa = PBXBuildFile; fileRef = 17D1342121ADFE2100CAC39A /* TableViewCell.swift */; };
		17D1342421ADFF0300CAC39A /* Model.swift in Sources */ = {isa = PBXBuildFile; fileRef = 17D1342321ADFF0300CAC39A /* Model.swift */; };
		17D1342621AE088F00CAC39A /* DetailViewController.swift in Sources */ = {isa = PBXBuildFile; fileRef = 17D1342521AE088F00CAC39A /* DetailViewController.swift */; };
/* End PBXBuildFile section */

/* Begin PBXFileReference section */
		17D1340A21ADFD9600CAC39A /* Talking Animals.app */ = {isa = PBXFileReference; explicitFileType = wrapper.application; includeInIndex = 0; path = "Talking Animals.app"; sourceTree = BUILT_PRODUCTS_DIR; };
		17D1340D21ADFD9600CAC39A /* AppDelegate.swift */ = {isa = PBXFileReference; lastKnownFileType = sourcecode.swift; path = AppDelegate.swift; sourceTree = "<group>"; };
		17D1341221ADFD9600CAC39A /* Base */ = {isa = PBXFileReference; lastKnownFileType = file.storyboard; name = Base; path = Base.lproj/Main.storyboard; sourceTree = "<group>"; };
		17D1341421ADFD9700CAC39A /* Assets.xcassets */ = {isa = PBXFileReference; lastKnownFileType = folder.assetcatalog; path = Assets.xcassets; sourceTree = "<group>"; };
		17D1341721ADFD9700CAC39A /* Base */ = {isa = PBXFileReference; lastKnownFileType = file.storyboard; name = Base; path = Base.lproj/LaunchScreen.storyboard; sourceTree = "<group>"; };
		17D1341921ADFD9700CAC39A /* Info.plist */ = {isa = PBXFileReference; lastKnownFileType = text.plist.xml; path = Info.plist; sourceTree = "<group>"; };
		17D1341F21ADFE1000CAC39A /* TableViewController.swift */ = {isa = PBXFileReference; lastKnownFileType = sourcecode.swift; path = TableViewController.swift; sourceTree = "<group>"; };
		17D1342121ADFE2100CAC39A /* TableViewCell.swift */ = {isa = PBXFileReference; lastKnownFileType = sourcecode.swift; path = TableViewCell.swift; sourceTree = "<group>"; };
		17D1342321ADFF0300CAC39A /* Model.swift */ = {isa = PBXFileReference; lastKnownFileType = sourcecode.swift; path = Model.swift; sourceTree = "<group>"; };
		17D1342521AE088F00CAC39A /* DetailViewController.swift */ = {isa = PBXFileReference; lastKnownFileType = sourcecode.swift; path = DetailViewController.swift; sourceTree = "<group>"; };
/* End PBXFileReference section */

/* Begin PBXFrameworksBuildPhase section */
		17D1340721ADFD9600CAC39A /* Frameworks */ = {
			isa = PBXFrameworksBuildPhase;
			buildActionMask = 2147483647;
			files = (
			);
			runOnlyForDeploymentPostprocessing = 0;
		};
/* End PBXFrameworksBuildPhase section */

/* Begin PBXGroup section */
		17D1340121ADFD9600CAC39A = {
			isa = PBXGroup;
			children = (
				17D1340C21ADFD9600CAC39A /* Talking Animals */,
				17D1340B21ADFD9600CAC39A /* Products */,
			);
			sourceTree = "<group>";
		};
		17D1340B21ADFD9600CAC39A /* Products */ = {
			isa = PBXGroup;
			children = (
				17D1340A21ADFD9600CAC39A /* Talking Animals.app */,
			);
			name = Products;
			sourceTree = "<group>";
		};
		17D1340C21ADFD9600CAC39A /* Talking Animals */ = {
			isa = PBXGroup;
			children = (
				17D1340D21ADFD9600CAC39A /* AppDelegate.swift */,
				17D1341121ADFD9600CAC39A /* Main.storyboard */,
				17D1341421ADFD9700CAC39A /* Assets.xcassets */,
				17D1341F21ADFE1000CAC39A /* TableViewController.swift */,
				17D1342121ADFE2100CAC39A /* TableViewCell.swift */,
				17D1342521AE088F00CAC39A /* DetailViewController.swift */,
				17D1342321ADFF0300CAC39A /* Model.swift */,
				17D1341621ADFD9700CAC39A /* LaunchScreen.storyboard */,
				17D1341921ADFD9700CAC39A /* Info.plist */,
			);
			path = "Talking Animals";
			sourceTree = "<group>";
		};
/* End PBXGroup section */

/* Begin PBXNativeTarget section */
		17D1340921ADFD9600CAC39A /* Talking Animals */ = {
			isa = PBXNativeTarget;
			buildConfigurationList = 17D1341C21ADFD9700CAC39A /* Build configuration list for PBXNativeTarget "Talking Animals" */;
			buildPhases = (
				17D1340621ADFD9600CAC39A /* Sources */,
				17D1340721ADFD9600CAC39A /* Frameworks */,
				17D1340821ADFD9600CAC39A /* Resources */,
			);
			buildRules = (
			);
			dependencies = (
			);
			name = "Talking Animals";
			productName = "Talking Animals";
			productReference = 17D1340A21ADFD9600CAC39A /* Talking Animals.app */;
			productType = "com.apple.product-type.application";
		};
/* End PBXNativeTarget section */

/* Begin PBXProject section */
		17D1340221ADFD9600CAC39A /* Project object */ = {
			isa = PBXProject;
			attributes = {
				LastSwiftUpdateCheck = 1010;
				LastUpgradeCheck = 1010;
				ORGANIZATIONNAME = Stuart;
				TargetAttributes = {
					17D1340921ADFD9600CAC39A = {
						CreatedOnToolsVersion = 10.1;
					};
				};
			};
			buildConfigurationList = 17D1340521ADFD9600CAC39A /* Build configuration list for PBXProject "Talking Animals" */;
			compatibilityVersion = "Xcode 9.3";
			developmentRegion = en;
			hasScannedForEncodings = 0;
			knownRegions = (
				en,
				Base,
			);
			mainGroup = 17D1340121ADFD9600CAC39A;
			productRefGroup = 17D1340B21ADFD9600CAC39A /* Products */;
			projectDirPath = "";
			projectRoot = "";
			targets = (
				17D1340921ADFD9600CAC39A /* Talking Animals */,
			);
		};
/* End PBXProject section */

/* Begin PBXResourcesBuildPhase section */
		17D1340821ADFD9600CAC39A /* Resources */ = {
			isa = PBXResourcesBuildPhase;
			buildActionMask = 2147483647;
			files = (
				17D1341821ADFD9700CAC39A /* LaunchScreen.storyboard in Resources */,
				17D1341521ADFD9700CAC39A /* Assets.xcassets in Resources */,
				17D1341321ADFD9600CAC39A /* Main.storyboard in Resources */,
			);
			runOnlyForDeploymentPostprocessing = 0;
		};
/* End PBXResourcesBuildPhase section */

/* Begin PBXSourcesBuildPhase section */
		17D1340621ADFD9600CAC39A /* Sources */ = {
			isa = PBXSourcesBuildPhase;
			buildActionMask = 2147483647;
			files = (
				17D1342221ADFE2100CAC39A /* TableViewCell.swift in Sources */,
				17D1340E21ADFD9600CAC39A /* AppDelegate.swift in Sources */,
				17D1342621AE088F00CAC39A /* DetailViewController.swift in Sources */,
				17D1342021ADFE1000CAC39A /* TableViewController.swift in Sources */,
				17D1342421ADFF0300CAC39A /* Model.swift in Sources */,
			);
			runOnlyForDeploymentPostprocessing = 0;
		};
/* End PBXSourcesBuildPhase section */

/* Begin PBXVariantGroup section */
		17D1341121ADFD9600CAC39A /* Main.storyboard */ = {
			isa = PBXVariantGroup;
			children = (
				17D1341221ADFD9600CAC39A /* Base */,
			);
			name = Main.storyboard;
			sourceTree = "<group>";
		};
		17D1341621ADFD9700CAC39A /* LaunchScreen.storyboard */ = {
			isa = PBXVariantGroup;
			children = (
				17D1341721ADFD9700CAC39A /* Base */,
			);
			name = LaunchScreen.storyboard;
			sourceTree = "<group>";
		};
/* End PBXVariantGroup section */

/* Begin XCBuildConfiguration section */
		17D1341A21ADFD9700CAC39A /* Debug */ = {
			isa = XCBuildConfiguration;
			buildSettings = {
				ALWAYS_SEARCH_USER_PATHS = NO;
				CLANG_ANALYZER_NONNULL = YES;
				CLANG_ANALYZER_NUMBER_OBJECT_CONVERSION = YES_AGGRESSIVE;
				CLANG_CXX_LANGUAGE_STANDARD = "gnu++14";
				CLANG_CXX_LIBRARY = "libc++";
				CLANG_ENABLE_MODULES = YES;
				CLANG_ENABLE_OBJC_ARC = YES;
				CLANG_ENABLE_OBJC_WEAK = YES;
				CLANG_WARN_BLOCK_CAPTURE_AUTORELEASING = YES;
				CLANG_WARN_BOOL_CONVERSION = YES;
				CLANG_WARN_COMMA = YES;
				CLANG_WARN_CONSTANT_CONVERSION = YES;
				CLANG_WARN_DEPRECATED_OBJC_IMPLEMENTATIONS = YES;
				CLANG_WARN_DIRECT_OBJC_ISA_USAGE = YES_ERROR;
				CLANG_WARN_DOCUMENTATION_COMMENTS = YES;
				CLANG_WARN_EMPTY_BODY = YES;
				CLANG_WARN_ENUM_CONVERSION = YES;
				CLANG_WARN_INFINITE_RECURSION = YES;
				CLANG_WARN_INT_CONVERSION = YES;
				CLANG_WARN_NON_LITERAL_NULL_CONVERSION = YES;
				CLANG_WARN_OBJC_IMPLICIT_RETAIN_SELF = YES;
				CLANG_WARN_OBJC_LITERAL_CONVERSION = YES;
				CLANG_WARN_OBJC_ROOT_CLASS = YES_ERROR;
				CLANG_WARN_RANGE_LOOP_ANALYSIS = YES;
				CLANG_WARN_STRICT_PROTOTYPES = YES;
				CLANG_WARN_SUSPICIOUS_MOVE = YES;
				CLANG_WARN_UNGUARDED_AVAILABILITY = YES_AGGRESSIVE;
				CLANG_WARN_UNREACHABLE_CODE = YES;
				CLANG_WARN__DUPLICATE_METHOD_MATCH = YES;
				CODE_SIGN_IDENTITY = "iPhone Developer";
				COPY_PHASE_STRIP = NO;
				DEBUG_INFORMATION_FORMAT = dwarf;
				ENABLE_STRICT_OBJC_MSGSEND = YES;
				ENABLE_TESTABILITY = YES;
				GCC_C_LANGUAGE_STANDARD = gnu11;
				GCC_DYNAMIC_NO_PIC = NO;
				GCC_NO_COMMON_BLOCKS = YES;
				GCC_OPTIMIZATION_LEVEL = 0;
				GCC_PREPROCESSOR_DEFINITIONS = (
					"DEBUG=1",
					"$(inherited)",
				);
				GCC_WARN_64_TO_32_BIT_CONVERSION = YES;
				GCC_WARN_ABOUT_RETURN_TYPE = YES_ERROR;
				GCC_WARN_UNDECLARED_SELECTOR = YES;
				GCC_WARN_UNINITIALIZED_AUTOS = YES_AGGRESSIVE;
				GCC_WARN_UNUSED_FUNCTION = YES;
				GCC_WARN_UNUSED_VARIABLE = YES;
				IPHONEOS_DEPLOYMENT_TARGET = 12.1;
				MTL_ENABLE_DEBUG_INFO = INCLUDE_SOURCE;
				MTL_FAST_MATH = YES;
				ONLY_ACTIVE_ARCH = YES;
				SDKROOT = iphoneos;
				SWIFT_ACTIVE_COMPILATION_CONDITIONS = DEBUG;
				SWIFT_OPTIMIZATION_LEVEL = "-Onone";
			};
			name = Debug;
		};
		17D1341B21ADFD9700CAC39A /* Release */ = {
			isa = XCBuildConfiguration;
			buildSettings = {
				ALWAYS_SEARCH_USER_PATHS = NO;
				CLANG_ANALYZER_NONNULL = YES;
				CLANG_ANALYZER_NUMBER_OBJECT_CONVERSION = YES_AGGRESSIVE;
				CLANG_CXX_LANGUAGE_STANDARD = "gnu++14";
				CLANG_CXX_LIBRARY = "libc++";
				CLANG_ENABLE_MODULES = YES;
				CLANG_ENABLE_OBJC_ARC = YES;
				CLANG_ENABLE_OBJC_WEAK = YES;
				CLANG_WARN_BLOCK_CAPTURE_AUTORELEASING = YES;
				CLANG_WARN_BOOL_CONVERSION = YES;
				CLANG_WARN_COMMA = YES;
				CLANG_WARN_CONSTANT_CONVERSION = YES;
				CLANG_WARN_DEPRECATED_OBJC_IMPLEMENTATIONS = YES;
				CLANG_WARN_DIRECT_OBJC_ISA_USAGE = YES_ERROR;
				CLANG_WARN_DOCUMENTATION_COMMENTS = YES;
				CLANG_WARN_EMPTY_BODY = YES;
				CLANG_WARN_ENUM_CONVERSION = YES;
				CLANG_WARN_INFINITE_RECURSION = YES;
				CLANG_WARN_INT_CONVERSION = YES;
				CLANG_WARN_NON_LITERAL_NULL_CONVERSION = YES;
				CLANG_WARN_OBJC_IMPLICIT_RETAIN_SELF = YES;
				CLANG_WARN_OBJC_LITERAL_CONVERSION = YES;
				CLANG_WARN_OBJC_ROOT_CLASS = YES_ERROR;
				CLANG_WARN_RANGE_LOOP_ANALYSIS = YES;
				CLANG_WARN_STRICT_PROTOTYPES = YES;
				CLANG_WARN_SUSPICIOUS_MOVE = YES;
				CLANG_WARN_UNGUARDED_AVAILABILITY = YES_AGGRESSIVE;
				CLANG_WARN_UNREACHABLE_CODE = YES;
				CLANG_WARN__DUPLICATE_METHOD_MATCH = YES;
				CODE_SIGN_IDENTITY = "iPhone Developer";
				COPY_PHASE_STRIP = NO;
				DEBUG_INFORMATION_FORMAT = "dwarf-with-dsym";
				ENABLE_NS_ASSERTIONS = NO;
				ENABLE_STRICT_OBJC_MSGSEND = YES;
				GCC_C_LANGUAGE_STANDARD = gnu11;
				GCC_NO_COMMON_BLOCKS = YES;
				GCC_WARN_64_TO_32_BIT_CONVERSION = YES;
				GCC_WARN_ABOUT_RETURN_TYPE = YES_ERROR;
				GCC_WARN_UNDECLARED_SELECTOR = YES;
				GCC_WARN_UNINITIALIZED_AUTOS = YES_AGGRESSIVE;
				GCC_WARN_UNUSED_FUNCTION = YES;
				GCC_WARN_UNUSED_VARIABLE = YES;
				IPHONEOS_DEPLOYMENT_TARGET = 12.1;
				MTL_ENABLE_DEBUG_INFO = NO;
				MTL_FAST_MATH = YES;
				SDKROOT = iphoneos;
				SWIFT_COMPILATION_MODE = wholemodule;
				SWIFT_OPTIMIZATION_LEVEL = "-O";
				VALIDATE_PRODUCT = YES;
			};
			name = Release;
		};
		17D1341D21ADFD9700CAC39A /* Debug */ = {
			isa = XCBuildConfiguration;
			buildSettings = {
				ASSETCATALOG_COMPILER_APPICON_NAME = AppIcon;
				CODE_SIGN_STYLE = Automatic;
				INFOPLIST_FILE = "Talking Animals/Info.plist";
				LD_RUNPATH_SEARCH_PATHS = (
					"$(inherited)",
					"@executable_path/Frameworks",
				);
				PRODUCT_BUNDLE_IDENTIFIER = "com.stuart.Talking-Animals";
				PRODUCT_NAME = "$(TARGET_NAME)";
				SWIFT_VERSION = 4.2;
				TARGETED_DEVICE_FAMILY = "1,2";
			};
			name = Debug;
		};
		17D1341E21ADFD9700CAC39A /* Release */ = {
			isa = XCBuildConfiguration;
			buildSettings = {
				ASSETCATALOG_COMPILER_APPICON_NAME = AppIcon;
				CODE_SIGN_STYLE = Automatic;
				INFOPLIST_FILE = "Talking Animals/Info.plist";
				LD_RUNPATH_SEARCH_PATHS = (
					"$(inherited)",
					"@executable_path/Frameworks",
				);
				PRODUCT_BUNDLE_IDENTIFIER = "com.stuart.Talking-Animals";
				PRODUCT_NAME = "$(TARGET_NAME)";
				SWIFT_VERSION = 4.2;
				TARGETED_DEVICE_FAMILY = "1,2";
			};
			name = Release;
		};
/* End XCBuildConfiguration section */

/* Begin XCConfigurationList section */
		17D1340521ADFD9600CAC39A /* Build configuration list for PBXProject "Talking Animals" */ = {
			isa = XCConfigurationList;
			buildConfigurations = (
				17D1341A21ADFD9700CAC39A /* Debug */,
				17D1341B21ADFD9700CAC39A /* Release */,
			);
			defaultConfigurationIsVisible = 0;
			defaultConfigurationName = Release;
		};
		17D1341C21ADFD9700CAC39A /* Build configuration list for PBXNativeTarget "Talking Animals" */ = {
			isa = XCConfigurationList;
			buildConfigurations = (
				17D1341D21ADFD9700CAC39A /* Debug */,
				17D1341E21ADFD9700CAC39A /* Release */,
			);
			defaultConfigurationIsVisible = 0;
			defaultConfigurationName = Release;
		};
/* End XCConfigurationList section */
	};
	rootObject = 17D1340221ADFD9600CAC39A /* Project object */;
}
